// !$*UTF8*$!
{
	archiveVersion = 1;
	classes = {
	};
	objectVersion = 55;
	objects = {

/* Begin PBXBuildFile section */
		06FD664C16C03CBF35BD76B3 /* Pods_Authors.framework in Frameworks */ = {isa = PBXBuildFile; fileRef = 9C1E3D91022F9A2C6F2178E7 /* Pods_Authors.framework */; };
		101CE1792985754600B7A9FC /* AppDelegate.swift in Sources */ = {isa = PBXBuildFile; fileRef = 101CE1782985754600B7A9FC /* AppDelegate.swift */; };
		101CE17B2985754600B7A9FC /* SceneDelegate.swift in Sources */ = {isa = PBXBuildFile; fileRef = 101CE17A2985754600B7A9FC /* SceneDelegate.swift */; };
		101CE1822985754700B7A9FC /* Assets.xcassets in Resources */ = {isa = PBXBuildFile; fileRef = 101CE1812985754700B7A9FC /* Assets.xcassets */; };
		101CE1852985754700B7A9FC /* LaunchScreen.storyboard in Resources */ = {isa = PBXBuildFile; fileRef = 101CE1832985754700B7A9FC /* LaunchScreen.storyboard */; };
		101CE1902985754700B7A9FC /* AuthorsTests.swift in Sources */ = {isa = PBXBuildFile; fileRef = 101CE18F2985754700B7A9FC /* AuthorsTests.swift */; };
		101CE19A2985754700B7A9FC /* AuthorsUITests.swift in Sources */ = {isa = PBXBuildFile; fileRef = 101CE1992985754700B7A9FC /* AuthorsUITests.swift */; };
		101CE19C2985754700B7A9FC /* AuthorsUITestsLaunchTests.swift in Sources */ = {isa = PBXBuildFile; fileRef = 101CE19B2985754700B7A9FC /* AuthorsUITestsLaunchTests.swift */; };
		101CE1AA2985782900B7A9FC /* ViewCodable.swift in Sources */ = {isa = PBXBuildFile; fileRef = 101CE1A92985782900B7A9FC /* ViewCodable.swift */; };
		101CE1C22985799B00B7A9FC /* PostModel.swift in Sources */ = {isa = PBXBuildFile; fileRef = 101CE1C12985799B00B7A9FC /* PostModel.swift */; };
		101CE1C4298579AA00B7A9FC /* PostWorker.swift in Sources */ = {isa = PBXBuildFile; fileRef = 101CE1C3298579AA00B7A9FC /* PostWorker.swift */; };
		101CE1C6298579BB00B7A9FC /* PostConfigurator.swift in Sources */ = {isa = PBXBuildFile; fileRef = 101CE1C5298579BB00B7A9FC /* PostConfigurator.swift */; };
		101CE1C8298579C600B7A9FC /* PostView.swift in Sources */ = {isa = PBXBuildFile; fileRef = 101CE1C7298579C600B7A9FC /* PostView.swift */; };
		101CE1CA298579D700B7A9FC /* PostRouter.swift in Sources */ = {isa = PBXBuildFile; fileRef = 101CE1C9298579D700B7A9FC /* PostRouter.swift */; };
		101CE1CC298579E400B7A9FC /* PostInteractor.swift in Sources */ = {isa = PBXBuildFile; fileRef = 101CE1CB298579E400B7A9FC /* PostInteractor.swift */; };
		101CE1CE298579EE00B7A9FC /* PostPresenter.swift in Sources */ = {isa = PBXBuildFile; fileRef = 101CE1CD298579EE00B7A9FC /* PostPresenter.swift */; };
		101CE1D029857A0600B7A9FC /* PostViewController.swift in Sources */ = {isa = PBXBuildFile; fileRef = 101CE1CF29857A0600B7A9FC /* PostViewController.swift */; };
		101CE1D229857A1400B7A9FC /* DetailModel.swift in Sources */ = {isa = PBXBuildFile; fileRef = 101CE1D129857A1400B7A9FC /* DetailModel.swift */; };
		101CE1D429857A2000B7A9FC /* DetailWorker.swift in Sources */ = {isa = PBXBuildFile; fileRef = 101CE1D329857A2000B7A9FC /* DetailWorker.swift */; };
		101CE1D629857A2B00B7A9FC /* DetailConfigurator.swift in Sources */ = {isa = PBXBuildFile; fileRef = 101CE1D529857A2B00B7A9FC /* DetailConfigurator.swift */; };
		101CE1D829857A3500B7A9FC /* DetailView.swift in Sources */ = {isa = PBXBuildFile; fileRef = 101CE1D729857A3500B7A9FC /* DetailView.swift */; };
		101CE1DA29857A5800B7A9FC /* DetailPresenter.swift in Sources */ = {isa = PBXBuildFile; fileRef = 101CE1D929857A5800B7A9FC /* DetailPresenter.swift */; };
		101CE1DC29857A6300B7A9FC /* DetailInteractor.swift in Sources */ = {isa = PBXBuildFile; fileRef = 101CE1DB29857A6300B7A9FC /* DetailInteractor.swift */; };
		101CE1DE29857A6C00B7A9FC /* DetailRouter.swift in Sources */ = {isa = PBXBuildFile; fileRef = 101CE1DD29857A6C00B7A9FC /* DetailRouter.swift */; };
		101CE1E0298591D400B7A9FC /* PostPresenterDelegate.swift in Sources */ = {isa = PBXBuildFile; fileRef = 101CE1DF298591D400B7A9FC /* PostPresenterDelegate.swift */; };
		101CE1E22985926700B7A9FC /* PostInteractorDelegate.swift in Sources */ = {isa = PBXBuildFile; fileRef = 101CE1E12985926600B7A9FC /* PostInteractorDelegate.swift */; };
		101CE1E6298593D800B7A9FC /* PostInternalRouterDelegate.swift in Sources */ = {isa = PBXBuildFile; fileRef = 101CE1E5298593D800B7A9FC /* PostInternalRouterDelegate.swift */; };
		101CE1E82985953500B7A9FC /* PostCell.swift in Sources */ = {isa = PBXBuildFile; fileRef = 101CE1E72985953500B7A9FC /* PostCell.swift */; };
		101CE1EA2985956B00B7A9FC /* PostViewControllerDelegate.swift in Sources */ = {isa = PBXBuildFile; fileRef = 101CE1E92985956B00B7A9FC /* PostViewControllerDelegate.swift */; };
		101CE1EC298595A200B7A9FC /* PostViewDelegate.swift in Sources */ = {isa = PBXBuildFile; fileRef = 101CE1EB298595A200B7A9FC /* PostViewDelegate.swift */; };
		101CE1EE2985961A00B7A9FC /* PostWorkerDelegate.swift in Sources */ = {isa = PBXBuildFile; fileRef = 101CE1ED2985961A00B7A9FC /* PostWorkerDelegate.swift */; };
		101CE1F02985966700B7A9FC /* PostService.swift in Sources */ = {isa = PBXBuildFile; fileRef = 101CE1EF2985966700B7A9FC /* PostService.swift */; };
		101CE1F22985969E00B7A9FC /* UserService.swift in Sources */ = {isa = PBXBuildFile; fileRef = 101CE1F12985969E00B7A9FC /* UserService.swift */; };
		101CE1F629859F0E00B7A9FC /* DetailPresenterDelegate.swift in Sources */ = {isa = PBXBuildFile; fileRef = 101CE1F529859F0E00B7A9FC /* DetailPresenterDelegate.swift */; };
		101CE1F829859F5E00B7A9FC /* DetailViewController.swift in Sources */ = {isa = PBXBuildFile; fileRef = 101CE1F729859F5E00B7A9FC /* DetailViewController.swift */; };
		101CE1FA29859FCC00B7A9FC /* DetailViewControllerDelegate.swift in Sources */ = {isa = PBXBuildFile; fileRef = 101CE1F929859FCC00B7A9FC /* DetailViewControllerDelegate.swift */; };
		101CE1FC2985A13F00B7A9FC /* DetailInteractorDelegate.swift in Sources */ = {isa = PBXBuildFile; fileRef = 101CE1FB2985A13F00B7A9FC /* DetailInteractorDelegate.swift */; };
		101CE1FE2985A1DB00B7A9FC /* DetailWorkerDelegate.swift in Sources */ = {isa = PBXBuildFile; fileRef = 101CE1FD2985A1DB00B7A9FC /* DetailWorkerDelegate.swift */; };
		101CE2002985A28B00B7A9FC /* DetailInternalRouterDelegate.swift in Sources */ = {isa = PBXBuildFile; fileRef = 101CE1FF2985A28B00B7A9FC /* DetailInternalRouterDelegate.swift */; };
		101CE2022985CAAA00B7A9FC /* Post.swift in Sources */ = {isa = PBXBuildFile; fileRef = 101CE2012985CAA900B7A9FC /* Post.swift */; };
		101CE2082985FBA400B7A9FC /* User.swift in Sources */ = {isa = PBXBuildFile; fileRef = 101CE2072985FBA400B7A9FC /* User.swift */; };
		101CE20A2985FC0800B7A9FC /* Address.swift in Sources */ = {isa = PBXBuildFile; fileRef = 101CE2092985FC0800B7A9FC /* Address.swift */; };
		101CE20C2985FC3200B7A9FC /* Geo.swift in Sources */ = {isa = PBXBuildFile; fileRef = 101CE20B2985FC3200B7A9FC /* Geo.swift */; };
		101CE20E2985FC6800B7A9FC /* Company.swift in Sources */ = {isa = PBXBuildFile; fileRef = 101CE20D2985FC6800B7A9FC /* Company.swift */; };
		101CE2122986AA3100B7A9FC /* AuthorInformation.swift in Sources */ = {isa = PBXBuildFile; fileRef = 101CE2112986AA3100B7A9FC /* AuthorInformation.swift */; };
		101CE2142986B74000B7A9FC /* Comment.swift in Sources */ = {isa = PBXBuildFile; fileRef = 101CE2132986B74000B7A9FC /* Comment.swift */; };
		101CE2162986BA7900B7A9FC /* CommentCell.swift in Sources */ = {isa = PBXBuildFile; fileRef = 101CE2152986BA7900B7A9FC /* CommentCell.swift */; };
		101CE2182986C8ED00B7A9FC /* CommentService.swift in Sources */ = {isa = PBXBuildFile; fileRef = 101CE2172986C8ED00B7A9FC /* CommentService.swift */; };
		101CE21A2986CA6100B7A9FC /* CommentWorker.swift in Sources */ = {isa = PBXBuildFile; fileRef = 101CE2192986CA6100B7A9FC /* CommentWorker.swift */; };
		101CE21C2986CA7200B7A9FC /* CommentWorkerDelegate.swift in Sources */ = {isa = PBXBuildFile; fileRef = 101CE21B2986CA7200B7A9FC /* CommentWorkerDelegate.swift */; };
		101CE2262987060D00B7A9FC /* DeletionModel.swift in Sources */ = {isa = PBXBuildFile; fileRef = 101CE2252987060D00B7A9FC /* DeletionModel.swift */; };
		101CE2282987066100B7A9FC /* PostDeletionService.swift in Sources */ = {isa = PBXBuildFile; fileRef = 101CE2272987066100B7A9FC /* PostDeletionService.swift */; };
		101CE22A29870FE000B7A9FC /* PostDeletionWorker.swift in Sources */ = {isa = PBXBuildFile; fileRef = 101CE22929870FE000B7A9FC /* PostDeletionWorker.swift */; };
		101CE22C2987100000B7A9FC /* PostDeletionWorkerDelegate.swift in Sources */ = {isa = PBXBuildFile; fileRef = 101CE22B2987100000B7A9FC /* PostDeletionWorkerDelegate.swift */; };
		101CE2452987F7FE00B7A9FC /* Model.xcdatamodeld in Sources */ = {isa = PBXBuildFile; fileRef = 101CE2432987F7FD00B7A9FC /* Model.xcdatamodeld */; };
		101CE24E29881EB200B7A9FC /* DeviceSaveDataWorker.swift in Sources */ = {isa = PBXBuildFile; fileRef = 101CE24D29881EB200B7A9FC /* DeviceSaveDataWorker.swift */; };
		101CE250298825D100B7A9FC /* DeviceSaveDataWorkerDelegate.swift in Sources */ = {isa = PBXBuildFile; fileRef = 101CE24F298825D100B7A9FC /* DeviceSaveDataWorkerDelegate.swift */; };
		101CE2522988285600B7A9FC /* CoreDataModel.swift in Sources */ = {isa = PBXBuildFile; fileRef = 101CE2512988285600B7A9FC /* CoreDataModel.swift */; };
		101CE25429885E2800B7A9FC /* DeviceSaveDataService.swift in Sources */ = {isa = PBXBuildFile; fileRef = 101CE25329885E2800B7A9FC /* DeviceSaveDataService.swift */; };
		101CE25629886E9000B7A9FC /* DeviceUpdateDataService.swift in Sources */ = {isa = PBXBuildFile; fileRef = 101CE25529886E9000B7A9FC /* DeviceUpdateDataService.swift */; };
		101CE258298874A100B7A9FC /* DeviceFindDataService.swift in Sources */ = {isa = PBXBuildFile; fileRef = 101CE257298874A100B7A9FC /* DeviceFindDataService.swift */; };
		101CE25A2988888000B7A9FC /* DeviceFindDataWorker.swift in Sources */ = {isa = PBXBuildFile; fileRef = 101CE2592988888000B7A9FC /* DeviceFindDataWorker.swift */; };
		101CE25C2988889000B7A9FC /* DeviceFindDataWorkerDelegate.swift in Sources */ = {isa = PBXBuildFile; fileRef = 101CE25B2988889000B7A9FC /* DeviceFindDataWorkerDelegate.swift */; };
		101CE25E29888BD100B7A9FC /* FindCoreDataModel.swift in Sources */ = {isa = PBXBuildFile; fileRef = 101CE25D29888BD100B7A9FC /* FindCoreDataModel.swift */; };
		101CE2612989578500B7A9FC /* DeviceDeletionDataService.swift in Sources */ = {isa = PBXBuildFile; fileRef = 101CE2602989578500B7A9FC /* DeviceDeletionDataService.swift */; };
		101CE26329895B1000B7A9FC /* DeviceDeletionDataWorker.swift in Sources */ = {isa = PBXBuildFile; fileRef = 101CE26229895B1000B7A9FC /* DeviceDeletionDataWorker.swift */; };
		101CE26529895B2500B7A9FC /* DeviceDeletionDataWorkerDelegate.swift in Sources */ = {isa = PBXBuildFile; fileRef = 101CE26429895B2500B7A9FC /* DeviceDeletionDataWorkerDelegate.swift */; };
		101CE2692989C4D600B7A9FC /* DeviceFindAllDataService.swift in Sources */ = {isa = PBXBuildFile; fileRef = 101CE2682989C4D600B7A9FC /* DeviceFindAllDataService.swift */; };
		101CE26B2989C6BA00B7A9FC /* DeviceFindAllDataWorker.swift in Sources */ = {isa = PBXBuildFile; fileRef = 101CE26A2989C6BA00B7A9FC /* DeviceFindAllDataWorker.swift */; };
		101CE26D2989C6CB00B7A9FC /* DeviceFindAllDataWorkerDelegate.swift in Sources */ = {isa = PBXBuildFile; fileRef = 101CE26C2989C6CB00B7A9FC /* DeviceFindAllDataWorkerDelegate.swift */; };
		101CE26F2989C91900B7A9FC /* FindAllCoreDataModel.swift in Sources */ = {isa = PBXBuildFile; fileRef = 101CE26E2989C91900B7A9FC /* FindAllCoreDataModel.swift */; };
		101CE2712989DD1600B7A9FC /* Matcher.swift in Sources */ = {isa = PBXBuildFile; fileRef = 101CE2702989DD1600B7A9FC /* Matcher.swift */; };
		101CE2732989E37400B7A9FC /* Organizer.swift in Sources */ = {isa = PBXBuildFile; fileRef = 101CE2722989E37400B7A9FC /* Organizer.swift */; };
		101CE2D8298AB56C00B7A9FC /* DeviceSaveAllDataService.swift in Sources */ = {isa = PBXBuildFile; fileRef = 101CE2D7298AB56C00B7A9FC /* DeviceSaveAllDataService.swift */; };
		101CE2DA298AB84000B7A9FC /* DeviceSaveAllDataWorker.swift in Sources */ = {isa = PBXBuildFile; fileRef = 101CE2D9298AB84000B7A9FC /* DeviceSaveAllDataWorker.swift */; };
		101CE2DC298AB85700B7A9FC /* DeviceSaveAllDataWorkerDelegate.swift in Sources */ = {isa = PBXBuildFile; fileRef = 101CE2DB298AB85700B7A9FC /* DeviceSaveAllDataWorkerDelegate.swift */; };
		101CE2DE298ABB6700B7A9FC /* StartCoreDataModel.swift in Sources */ = {isa = PBXBuildFile; fileRef = 101CE2DD298ABB6700B7A9FC /* StartCoreDataModel.swift */; };
		101CE2E1298AD55D00B7A9FC /* NetworkMonitor.swift in Sources */ = {isa = PBXBuildFile; fileRef = 101CE2E0298AD55D00B7A9FC /* NetworkMonitor.swift */; };
		101CE2E3298AE9CA00B7A9FC /* DeviceDeletionAllDataService.swift in Sources */ = {isa = PBXBuildFile; fileRef = 101CE2E2298AE9CA00B7A9FC /* DeviceDeletionAllDataService.swift */; };
		101CE2E5298AED3D00B7A9FC /* DeviceDeleteAllDataWorker.swift in Sources */ = {isa = PBXBuildFile; fileRef = 101CE2E4298AED3D00B7A9FC /* DeviceDeleteAllDataWorker.swift */; };
		101CE2E7298AED5100B7A9FC /* DeviceDeleteAllDataWorkerDelegate.swift in Sources */ = {isa = PBXBuildFile; fileRef = 101CE2E6298AED5100B7A9FC /* DeviceDeleteAllDataWorkerDelegate.swift */; };
		101CE2E9298AF1DC00B7A9FC /* DeleteAllPostCoreDataModel.swift in Sources */ = {isa = PBXBuildFile; fileRef = 101CE2E8298AF1DC00B7A9FC /* DeleteAllPostCoreDataModel.swift */; };
		101CE2EB298B112C00B7A9FC /* NetworkMonitorWorker.swift in Sources */ = {isa = PBXBuildFile; fileRef = 101CE2EA298B112C00B7A9FC /* NetworkMonitorWorker.swift */; };
		101CE2ED298B11B200B7A9FC /* NetworkMonitorWorkerDelegate.swift in Sources */ = {isa = PBXBuildFile; fileRef = 101CE2EC298B11B200B7A9FC /* NetworkMonitorWorkerDelegate.swift */; };
		101CE2EF298B424400B7A9FC /* PostServiceDatasource.swift in Sources */ = {isa = PBXBuildFile; fileRef = 101CE2EE298B424400B7A9FC /* PostServiceDatasource.swift */; };
		101CE2F1298B425F00B7A9FC /* NetworkMonitorDelegate.swift in Sources */ = {isa = PBXBuildFile; fileRef = 101CE2F0298B425F00B7A9FC /* NetworkMonitorDelegate.swift */; };
		101CE2F3298B427B00B7A9FC /* UserServiceDatasource.swift in Sources */ = {isa = PBXBuildFile; fileRef = 101CE2F2298B427B00B7A9FC /* UserServiceDatasource.swift */; };
		101CE2F5298B429400B7A9FC /* CommentServiceDatasource.swift in Sources */ = {isa = PBXBuildFile; fileRef = 101CE2F4298B429400B7A9FC /* CommentServiceDatasource.swift */; };
		101CE2F7298B42AB00B7A9FC /* PostDeletionServiceDatasource.swift in Sources */ = {isa = PBXBuildFile; fileRef = 101CE2F6298B42AB00B7A9FC /* PostDeletionServiceDatasource.swift */; };
		101CE2F9298BECF800B7A9FC /* DeviceSaveAllUserDataService.swift in Sources */ = {isa = PBXBuildFile; fileRef = 101CE2F8298BECF800B7A9FC /* DeviceSaveAllUserDataService.swift */; };
		101CE2FB298BEE4100B7A9FC /* DeviceSaveAllCommentsDataService.swift in Sources */ = {isa = PBXBuildFile; fileRef = 101CE2FA298BEE4100B7A9FC /* DeviceSaveAllCommentsDataService.swift */; };
		101CE2FD298C014D00B7A9FC /* DeviceDeletionAllUserDataService.swift in Sources */ = {isa = PBXBuildFile; fileRef = 101CE2FC298C014D00B7A9FC /* DeviceDeletionAllUserDataService.swift */; };
		101CE2FF298C02C400B7A9FC /* DeviceDeletionAllGeoDataService.swift in Sources */ = {isa = PBXBuildFile; fileRef = 101CE2FE298C02C400B7A9FC /* DeviceDeletionAllGeoDataService.swift */; };
		101CE301298C033800B7A9FC /* DeviceDeletionAllAddressDataService.swift in Sources */ = {isa = PBXBuildFile; fileRef = 101CE300298C033800B7A9FC /* DeviceDeletionAllAddressDataService.swift */; };
		101CE303298C03E000B7A9FC /* DeviceDeletionAllCompanyDataService.swift in Sources */ = {isa = PBXBuildFile; fileRef = 101CE302298C03E000B7A9FC /* DeviceDeletionAllCompanyDataService.swift */; };
		101CE305298C087D00B7A9FC /* DeviceSaveAllUserDataWorker.swift in Sources */ = {isa = PBXBuildFile; fileRef = 101CE304298C087D00B7A9FC /* DeviceSaveAllUserDataWorker.swift */; };
		101CE307298C08A300B7A9FC /* DeviceSaveAllCommentsDataWorker.swift in Sources */ = {isa = PBXBuildFile; fileRef = 101CE306298C08A300B7A9FC /* DeviceSaveAllCommentsDataWorker.swift */; };
		101CE309298C08C600B7A9FC /* DeviceDeletionAllUserDataWorker.swift in Sources */ = {isa = PBXBuildFile; fileRef = 101CE308298C08C600B7A9FC /* DeviceDeletionAllUserDataWorker.swift */; };
		101CE30B298C090C00B7A9FC /* DeviceDeletionAllGeoDataWorker.swift in Sources */ = {isa = PBXBuildFile; fileRef = 101CE30A298C090C00B7A9FC /* DeviceDeletionAllGeoDataWorker.swift */; };
		101CE30D298C092800B7A9FC /* DeviceDeletionAllAddressDataWorker.swift in Sources */ = {isa = PBXBuildFile; fileRef = 101CE30C298C092700B7A9FC /* DeviceDeletionAllAddressDataWorker.swift */; };
		101CE30F298C094100B7A9FC /* DeviceDeletionAllCompanyDataWorker.swift in Sources */ = {isa = PBXBuildFile; fileRef = 101CE30E298C094100B7A9FC /* DeviceDeletionAllCompanyDataWorker.swift */; };
		101CE311298C09A700B7A9FC /* DeviceDeletionAllUserDataWorkerDelegate.swift in Sources */ = {isa = PBXBuildFile; fileRef = 101CE310298C09A700B7A9FC /* DeviceDeletionAllUserDataWorkerDelegate.swift */; };
		101CE313298C0AF900B7A9FC /* DeviceSaveAllUserDataWorkerDelegate.swift in Sources */ = {isa = PBXBuildFile; fileRef = 101CE312298C0AF900B7A9FC /* DeviceSaveAllUserDataWorkerDelegate.swift */; };
		101CE315298C0C4A00B7A9FC /* DeviceSaveAllCommentsDataWorkerDelegate.swift in Sources */ = {isa = PBXBuildFile; fileRef = 101CE314298C0C4A00B7A9FC /* DeviceSaveAllCommentsDataWorkerDelegate.swift */; };
		101CE317298C0D6700B7A9FC /* DeviceDeletionAllGeoDataWorkerDelegate.swift in Sources */ = {isa = PBXBuildFile; fileRef = 101CE316298C0D6700B7A9FC /* DeviceDeletionAllGeoDataWorkerDelegate.swift */; };
		101CE319298C0E1D00B7A9FC /* DeviceDeletionAllAddressDataWorkerDelegate.swift in Sources */ = {isa = PBXBuildFile; fileRef = 101CE318298C0E1D00B7A9FC /* DeviceDeletionAllAddressDataWorkerDelegate.swift */; };
		101CE31B298C0F9000B7A9FC /* DeviceDeletionAllCompanyDataWorkerDelegate.swift in Sources */ = {isa = PBXBuildFile; fileRef = 101CE31A298C0F9000B7A9FC /* DeviceDeletionAllCompanyDataWorkerDelegate.swift */; };
		6A095DD9926073AE5A00E80F /* Pods_AuthorsTests.framework in Frameworks */ = {isa = PBXBuildFile; fileRef = 29540CFAC9E8248FD792963D /* Pods_AuthorsTests.framework */; };
		C65544DB136FE4AAEAF78CDE /* Pods_Authors_AuthorsUITests.framework in Frameworks */ = {isa = PBXBuildFile; fileRef = B7131D8D04F2A24EB6DBE652 /* Pods_Authors_AuthorsUITests.framework */; };
/* End PBXBuildFile section */

/* Begin PBXContainerItemProxy section */
		101CE18C2985754700B7A9FC /* PBXContainerItemProxy */ = {
			isa = PBXContainerItemProxy;
			containerPortal = 101CE16D2985754600B7A9FC /* Project object */;
			proxyType = 1;
			remoteGlobalIDString = 101CE1742985754600B7A9FC;
			remoteInfo = Authors;
		};
		101CE1962985754700B7A9FC /* PBXContainerItemProxy */ = {
			isa = PBXContainerItemProxy;
			containerPortal = 101CE16D2985754600B7A9FC /* Project object */;
			proxyType = 1;
			remoteGlobalIDString = 101CE1742985754600B7A9FC;
			remoteInfo = Authors;
		};
/* End PBXContainerItemProxy section */

/* Begin PBXFileReference section */
		101CE1752985754600B7A9FC /* Authors.app */ = {isa = PBXFileReference; explicitFileType = wrapper.application; includeInIndex = 0; path = Authors.app; sourceTree = BUILT_PRODUCTS_DIR; };
		101CE1782985754600B7A9FC /* AppDelegate.swift */ = {isa = PBXFileReference; lastKnownFileType = sourcecode.swift; path = AppDelegate.swift; sourceTree = "<group>"; };
		101CE17A2985754600B7A9FC /* SceneDelegate.swift */ = {isa = PBXFileReference; lastKnownFileType = sourcecode.swift; path = SceneDelegate.swift; sourceTree = "<group>"; };
		101CE1812985754700B7A9FC /* Assets.xcassets */ = {isa = PBXFileReference; lastKnownFileType = folder.assetcatalog; path = Assets.xcassets; sourceTree = "<group>"; };
		101CE1842985754700B7A9FC /* Base */ = {isa = PBXFileReference; lastKnownFileType = file.storyboard; name = Base; path = Base.lproj/LaunchScreen.storyboard; sourceTree = "<group>"; };
		101CE1862985754700B7A9FC /* Info.plist */ = {isa = PBXFileReference; lastKnownFileType = text.plist.xml; path = Info.plist; sourceTree = "<group>"; };
		101CE18B2985754700B7A9FC /* AuthorsTests.xctest */ = {isa = PBXFileReference; explicitFileType = wrapper.cfbundle; includeInIndex = 0; path = AuthorsTests.xctest; sourceTree = BUILT_PRODUCTS_DIR; };
		101CE18F2985754700B7A9FC /* AuthorsTests.swift */ = {isa = PBXFileReference; lastKnownFileType = sourcecode.swift; path = AuthorsTests.swift; sourceTree = "<group>"; };
		101CE1952985754700B7A9FC /* AuthorsUITests.xctest */ = {isa = PBXFileReference; explicitFileType = wrapper.cfbundle; includeInIndex = 0; path = AuthorsUITests.xctest; sourceTree = BUILT_PRODUCTS_DIR; };
		101CE1992985754700B7A9FC /* AuthorsUITests.swift */ = {isa = PBXFileReference; lastKnownFileType = sourcecode.swift; path = AuthorsUITests.swift; sourceTree = "<group>"; };
		101CE19B2985754700B7A9FC /* AuthorsUITestsLaunchTests.swift */ = {isa = PBXFileReference; lastKnownFileType = sourcecode.swift; path = AuthorsUITestsLaunchTests.swift; sourceTree = "<group>"; };
		101CE1A92985782900B7A9FC /* ViewCodable.swift */ = {isa = PBXFileReference; lastKnownFileType = sourcecode.swift; path = ViewCodable.swift; sourceTree = "<group>"; };
		101CE1C12985799B00B7A9FC /* PostModel.swift */ = {isa = PBXFileReference; lastKnownFileType = sourcecode.swift; path = PostModel.swift; sourceTree = "<group>"; };
		101CE1C3298579AA00B7A9FC /* PostWorker.swift */ = {isa = PBXFileReference; lastKnownFileType = sourcecode.swift; path = PostWorker.swift; sourceTree = "<group>"; };
		101CE1C5298579BB00B7A9FC /* PostConfigurator.swift */ = {isa = PBXFileReference; lastKnownFileType = sourcecode.swift; path = PostConfigurator.swift; sourceTree = "<group>"; };
		101CE1C7298579C600B7A9FC /* PostView.swift */ = {isa = PBXFileReference; lastKnownFileType = sourcecode.swift; path = PostView.swift; sourceTree = "<group>"; };
		101CE1C9298579D700B7A9FC /* PostRouter.swift */ = {isa = PBXFileReference; lastKnownFileType = sourcecode.swift; path = PostRouter.swift; sourceTree = "<group>"; };
		101CE1CB298579E400B7A9FC /* PostInteractor.swift */ = {isa = PBXFileReference; lastKnownFileType = sourcecode.swift; path = PostInteractor.swift; sourceTree = "<group>"; };
		101CE1CD298579EE00B7A9FC /* PostPresenter.swift */ = {isa = PBXFileReference; lastKnownFileType = sourcecode.swift; path = PostPresenter.swift; sourceTree = "<group>"; };
		101CE1CF29857A0600B7A9FC /* PostViewController.swift */ = {isa = PBXFileReference; lastKnownFileType = sourcecode.swift; path = PostViewController.swift; sourceTree = "<group>"; };
		101CE1D129857A1400B7A9FC /* DetailModel.swift */ = {isa = PBXFileReference; lastKnownFileType = sourcecode.swift; path = DetailModel.swift; sourceTree = "<group>"; };
		101CE1D329857A2000B7A9FC /* DetailWorker.swift */ = {isa = PBXFileReference; lastKnownFileType = sourcecode.swift; path = DetailWorker.swift; sourceTree = "<group>"; };
		101CE1D529857A2B00B7A9FC /* DetailConfigurator.swift */ = {isa = PBXFileReference; lastKnownFileType = sourcecode.swift; path = DetailConfigurator.swift; sourceTree = "<group>"; };
		101CE1D729857A3500B7A9FC /* DetailView.swift */ = {isa = PBXFileReference; lastKnownFileType = sourcecode.swift; path = DetailView.swift; sourceTree = "<group>"; };
		101CE1D929857A5800B7A9FC /* DetailPresenter.swift */ = {isa = PBXFileReference; lastKnownFileType = sourcecode.swift; path = DetailPresenter.swift; sourceTree = "<group>"; };
		101CE1DB29857A6300B7A9FC /* DetailInteractor.swift */ = {isa = PBXFileReference; lastKnownFileType = sourcecode.swift; path = DetailInteractor.swift; sourceTree = "<group>"; };
		101CE1DD29857A6C00B7A9FC /* DetailRouter.swift */ = {isa = PBXFileReference; lastKnownFileType = sourcecode.swift; path = DetailRouter.swift; sourceTree = "<group>"; };
		101CE1DF298591D400B7A9FC /* PostPresenterDelegate.swift */ = {isa = PBXFileReference; lastKnownFileType = sourcecode.swift; path = PostPresenterDelegate.swift; sourceTree = "<group>"; };
		101CE1E12985926600B7A9FC /* PostInteractorDelegate.swift */ = {isa = PBXFileReference; lastKnownFileType = sourcecode.swift; path = PostInteractorDelegate.swift; sourceTree = "<group>"; };
		101CE1E5298593D800B7A9FC /* PostInternalRouterDelegate.swift */ = {isa = PBXFileReference; lastKnownFileType = sourcecode.swift; path = PostInternalRouterDelegate.swift; sourceTree = "<group>"; };
		101CE1E72985953500B7A9FC /* PostCell.swift */ = {isa = PBXFileReference; lastKnownFileType = sourcecode.swift; path = PostCell.swift; sourceTree = "<group>"; };
		101CE1E92985956B00B7A9FC /* PostViewControllerDelegate.swift */ = {isa = PBXFileReference; lastKnownFileType = sourcecode.swift; path = PostViewControllerDelegate.swift; sourceTree = "<group>"; };
		101CE1EB298595A200B7A9FC /* PostViewDelegate.swift */ = {isa = PBXFileReference; lastKnownFileType = sourcecode.swift; path = PostViewDelegate.swift; sourceTree = "<group>"; };
		101CE1ED2985961A00B7A9FC /* PostWorkerDelegate.swift */ = {isa = PBXFileReference; lastKnownFileType = sourcecode.swift; path = PostWorkerDelegate.swift; sourceTree = "<group>"; };
		101CE1EF2985966700B7A9FC /* PostService.swift */ = {isa = PBXFileReference; lastKnownFileType = sourcecode.swift; path = PostService.swift; sourceTree = "<group>"; };
		101CE1F12985969E00B7A9FC /* UserService.swift */ = {isa = PBXFileReference; lastKnownFileType = sourcecode.swift; path = UserService.swift; sourceTree = "<group>"; };
		101CE1F529859F0E00B7A9FC /* DetailPresenterDelegate.swift */ = {isa = PBXFileReference; lastKnownFileType = sourcecode.swift; path = DetailPresenterDelegate.swift; sourceTree = "<group>"; };
		101CE1F729859F5E00B7A9FC /* DetailViewController.swift */ = {isa = PBXFileReference; lastKnownFileType = sourcecode.swift; path = DetailViewController.swift; sourceTree = "<group>"; };
		101CE1F929859FCC00B7A9FC /* DetailViewControllerDelegate.swift */ = {isa = PBXFileReference; lastKnownFileType = sourcecode.swift; path = DetailViewControllerDelegate.swift; sourceTree = "<group>"; };
		101CE1FB2985A13F00B7A9FC /* DetailInteractorDelegate.swift */ = {isa = PBXFileReference; lastKnownFileType = sourcecode.swift; path = DetailInteractorDelegate.swift; sourceTree = "<group>"; };
		101CE1FD2985A1DB00B7A9FC /* DetailWorkerDelegate.swift */ = {isa = PBXFileReference; lastKnownFileType = sourcecode.swift; path = DetailWorkerDelegate.swift; sourceTree = "<group>"; };
		101CE1FF2985A28B00B7A9FC /* DetailInternalRouterDelegate.swift */ = {isa = PBXFileReference; lastKnownFileType = sourcecode.swift; path = DetailInternalRouterDelegate.swift; sourceTree = "<group>"; };
		101CE2012985CAA900B7A9FC /* Post.swift */ = {isa = PBXFileReference; lastKnownFileType = sourcecode.swift; path = Post.swift; sourceTree = "<group>"; };
		101CE2072985FBA400B7A9FC /* User.swift */ = {isa = PBXFileReference; lastKnownFileType = sourcecode.swift; path = User.swift; sourceTree = "<group>"; };
		101CE2092985FC0800B7A9FC /* Address.swift */ = {isa = PBXFileReference; lastKnownFileType = sourcecode.swift; path = Address.swift; sourceTree = "<group>"; };
		101CE20B2985FC3200B7A9FC /* Geo.swift */ = {isa = PBXFileReference; lastKnownFileType = sourcecode.swift; path = Geo.swift; sourceTree = "<group>"; };
		101CE20D2985FC6800B7A9FC /* Company.swift */ = {isa = PBXFileReference; lastKnownFileType = sourcecode.swift; path = Company.swift; sourceTree = "<group>"; };
		101CE2112986AA3100B7A9FC /* AuthorInformation.swift */ = {isa = PBXFileReference; lastKnownFileType = sourcecode.swift; path = AuthorInformation.swift; sourceTree = "<group>"; };
		101CE2132986B74000B7A9FC /* Comment.swift */ = {isa = PBXFileReference; lastKnownFileType = sourcecode.swift; path = Comment.swift; sourceTree = "<group>"; };
		101CE2152986BA7900B7A9FC /* CommentCell.swift */ = {isa = PBXFileReference; lastKnownFileType = sourcecode.swift; path = CommentCell.swift; sourceTree = "<group>"; };
		101CE2172986C8ED00B7A9FC /* CommentService.swift */ = {isa = PBXFileReference; lastKnownFileType = sourcecode.swift; path = CommentService.swift; sourceTree = "<group>"; };
		101CE2192986CA6100B7A9FC /* CommentWorker.swift */ = {isa = PBXFileReference; lastKnownFileType = sourcecode.swift; path = CommentWorker.swift; sourceTree = "<group>"; };
		101CE21B2986CA7200B7A9FC /* CommentWorkerDelegate.swift */ = {isa = PBXFileReference; lastKnownFileType = sourcecode.swift; path = CommentWorkerDelegate.swift; sourceTree = "<group>"; };
		101CE2252987060D00B7A9FC /* DeletionModel.swift */ = {isa = PBXFileReference; lastKnownFileType = sourcecode.swift; path = DeletionModel.swift; sourceTree = "<group>"; };
		101CE2272987066100B7A9FC /* PostDeletionService.swift */ = {isa = PBXFileReference; lastKnownFileType = sourcecode.swift; path = PostDeletionService.swift; sourceTree = "<group>"; };
		101CE22929870FE000B7A9FC /* PostDeletionWorker.swift */ = {isa = PBXFileReference; lastKnownFileType = sourcecode.swift; path = PostDeletionWorker.swift; sourceTree = "<group>"; };
		101CE22B2987100000B7A9FC /* PostDeletionWorkerDelegate.swift */ = {isa = PBXFileReference; lastKnownFileType = sourcecode.swift; path = PostDeletionWorkerDelegate.swift; sourceTree = "<group>"; };
		101CE2442987F7FD00B7A9FC /* Model.xcdatamodel */ = {isa = PBXFileReference; lastKnownFileType = wrapper.xcdatamodel; path = Model.xcdatamodel; sourceTree = "<group>"; };
		101CE24D29881EB200B7A9FC /* DeviceSaveDataWorker.swift */ = {isa = PBXFileReference; lastKnownFileType = sourcecode.swift; path = DeviceSaveDataWorker.swift; sourceTree = "<group>"; };
		101CE24F298825D100B7A9FC /* DeviceSaveDataWorkerDelegate.swift */ = {isa = PBXFileReference; lastKnownFileType = sourcecode.swift; path = DeviceSaveDataWorkerDelegate.swift; sourceTree = "<group>"; };
		101CE2512988285600B7A9FC /* CoreDataModel.swift */ = {isa = PBXFileReference; lastKnownFileType = sourcecode.swift; path = CoreDataModel.swift; sourceTree = "<group>"; };
		101CE25329885E2800B7A9FC /* DeviceSaveDataService.swift */ = {isa = PBXFileReference; lastKnownFileType = sourcecode.swift; path = DeviceSaveDataService.swift; sourceTree = "<group>"; };
		101CE25529886E9000B7A9FC /* DeviceUpdateDataService.swift */ = {isa = PBXFileReference; lastKnownFileType = sourcecode.swift; path = DeviceUpdateDataService.swift; sourceTree = "<group>"; };
		101CE257298874A100B7A9FC /* DeviceFindDataService.swift */ = {isa = PBXFileReference; lastKnownFileType = sourcecode.swift; path = DeviceFindDataService.swift; sourceTree = "<group>"; };
		101CE2592988888000B7A9FC /* DeviceFindDataWorker.swift */ = {isa = PBXFileReference; lastKnownFileType = sourcecode.swift; path = DeviceFindDataWorker.swift; sourceTree = "<group>"; };
		101CE25B2988889000B7A9FC /* DeviceFindDataWorkerDelegate.swift */ = {isa = PBXFileReference; lastKnownFileType = sourcecode.swift; path = DeviceFindDataWorkerDelegate.swift; sourceTree = "<group>"; };
		101CE25D29888BD100B7A9FC /* FindCoreDataModel.swift */ = {isa = PBXFileReference; lastKnownFileType = sourcecode.swift; path = FindCoreDataModel.swift; sourceTree = "<group>"; };
		101CE2602989578500B7A9FC /* DeviceDeletionDataService.swift */ = {isa = PBXFileReference; lastKnownFileType = sourcecode.swift; path = DeviceDeletionDataService.swift; sourceTree = "<group>"; };
		101CE26229895B1000B7A9FC /* DeviceDeletionDataWorker.swift */ = {isa = PBXFileReference; lastKnownFileType = sourcecode.swift; path = DeviceDeletionDataWorker.swift; sourceTree = "<group>"; };
		101CE26429895B2500B7A9FC /* DeviceDeletionDataWorkerDelegate.swift */ = {isa = PBXFileReference; lastKnownFileType = sourcecode.swift; path = DeviceDeletionDataWorkerDelegate.swift; sourceTree = "<group>"; };
		101CE2682989C4D600B7A9FC /* DeviceFindAllDataService.swift */ = {isa = PBXFileReference; lastKnownFileType = sourcecode.swift; path = DeviceFindAllDataService.swift; sourceTree = "<group>"; };
		101CE26A2989C6BA00B7A9FC /* DeviceFindAllDataWorker.swift */ = {isa = PBXFileReference; lastKnownFileType = sourcecode.swift; path = DeviceFindAllDataWorker.swift; sourceTree = "<group>"; };
		101CE26C2989C6CB00B7A9FC /* DeviceFindAllDataWorkerDelegate.swift */ = {isa = PBXFileReference; lastKnownFileType = sourcecode.swift; path = DeviceFindAllDataWorkerDelegate.swift; sourceTree = "<group>"; };
		101CE26E2989C91900B7A9FC /* FindAllCoreDataModel.swift */ = {isa = PBXFileReference; lastKnownFileType = sourcecode.swift; path = FindAllCoreDataModel.swift; sourceTree = "<group>"; };
		101CE2702989DD1600B7A9FC /* Matcher.swift */ = {isa = PBXFileReference; lastKnownFileType = sourcecode.swift; path = Matcher.swift; sourceTree = "<group>"; };
		101CE2722989E37400B7A9FC /* Organizer.swift */ = {isa = PBXFileReference; lastKnownFileType = sourcecode.swift; path = Organizer.swift; sourceTree = "<group>"; };
		101CE2D7298AB56C00B7A9FC /* DeviceSaveAllDataService.swift */ = {isa = PBXFileReference; lastKnownFileType = sourcecode.swift; path = DeviceSaveAllDataService.swift; sourceTree = "<group>"; };
		101CE2D9298AB84000B7A9FC /* DeviceSaveAllDataWorker.swift */ = {isa = PBXFileReference; lastKnownFileType = sourcecode.swift; path = DeviceSaveAllDataWorker.swift; sourceTree = "<group>"; };
		101CE2DB298AB85700B7A9FC /* DeviceSaveAllDataWorkerDelegate.swift */ = {isa = PBXFileReference; lastKnownFileType = sourcecode.swift; path = DeviceSaveAllDataWorkerDelegate.swift; sourceTree = "<group>"; };
		101CE2DD298ABB6700B7A9FC /* StartCoreDataModel.swift */ = {isa = PBXFileReference; lastKnownFileType = sourcecode.swift; path = StartCoreDataModel.swift; sourceTree = "<group>"; };
		101CE2E0298AD55D00B7A9FC /* NetworkMonitor.swift */ = {isa = PBXFileReference; lastKnownFileType = sourcecode.swift; path = NetworkMonitor.swift; sourceTree = "<group>"; };
		101CE2E2298AE9CA00B7A9FC /* DeviceDeletionAllDataService.swift */ = {isa = PBXFileReference; lastKnownFileType = sourcecode.swift; path = DeviceDeletionAllDataService.swift; sourceTree = "<group>"; };
		101CE2E4298AED3D00B7A9FC /* DeviceDeleteAllDataWorker.swift */ = {isa = PBXFileReference; lastKnownFileType = sourcecode.swift; path = DeviceDeleteAllDataWorker.swift; sourceTree = "<group>"; };
		101CE2E6298AED5100B7A9FC /* DeviceDeleteAllDataWorkerDelegate.swift */ = {isa = PBXFileReference; lastKnownFileType = sourcecode.swift; path = DeviceDeleteAllDataWorkerDelegate.swift; sourceTree = "<group>"; };
		101CE2E8298AF1DC00B7A9FC /* DeleteAllPostCoreDataModel.swift */ = {isa = PBXFileReference; lastKnownFileType = sourcecode.swift; path = DeleteAllPostCoreDataModel.swift; sourceTree = "<group>"; };
		101CE2EA298B112C00B7A9FC /* NetworkMonitorWorker.swift */ = {isa = PBXFileReference; lastKnownFileType = sourcecode.swift; path = NetworkMonitorWorker.swift; sourceTree = "<group>"; };
		101CE2EC298B11B200B7A9FC /* NetworkMonitorWorkerDelegate.swift */ = {isa = PBXFileReference; lastKnownFileType = sourcecode.swift; path = NetworkMonitorWorkerDelegate.swift; sourceTree = "<group>"; };
		101CE2EE298B424400B7A9FC /* PostServiceDatasource.swift */ = {isa = PBXFileReference; lastKnownFileType = sourcecode.swift; path = PostServiceDatasource.swift; sourceTree = "<group>"; };
		101CE2F0298B425F00B7A9FC /* NetworkMonitorDelegate.swift */ = {isa = PBXFileReference; lastKnownFileType = sourcecode.swift; path = NetworkMonitorDelegate.swift; sourceTree = "<group>"; };
		101CE2F2298B427B00B7A9FC /* UserServiceDatasource.swift */ = {isa = PBXFileReference; lastKnownFileType = sourcecode.swift; path = UserServiceDatasource.swift; sourceTree = "<group>"; };
		101CE2F4298B429400B7A9FC /* CommentServiceDatasource.swift */ = {isa = PBXFileReference; lastKnownFileType = sourcecode.swift; path = CommentServiceDatasource.swift; sourceTree = "<group>"; };
		101CE2F6298B42AB00B7A9FC /* PostDeletionServiceDatasource.swift */ = {isa = PBXFileReference; lastKnownFileType = sourcecode.swift; path = PostDeletionServiceDatasource.swift; sourceTree = "<group>"; };
		101CE2F8298BECF800B7A9FC /* DeviceSaveAllUserDataService.swift */ = {isa = PBXFileReference; lastKnownFileType = sourcecode.swift; path = DeviceSaveAllUserDataService.swift; sourceTree = "<group>"; };
		101CE2FA298BEE4100B7A9FC /* DeviceSaveAllCommentsDataService.swift */ = {isa = PBXFileReference; lastKnownFileType = sourcecode.swift; path = DeviceSaveAllCommentsDataService.swift; sourceTree = "<group>"; };
		101CE2FC298C014D00B7A9FC /* DeviceDeletionAllUserDataService.swift */ = {isa = PBXFileReference; lastKnownFileType = sourcecode.swift; path = DeviceDeletionAllUserDataService.swift; sourceTree = "<group>"; };
		101CE2FE298C02C400B7A9FC /* DeviceDeletionAllGeoDataService.swift */ = {isa = PBXFileReference; lastKnownFileType = sourcecode.swift; path = DeviceDeletionAllGeoDataService.swift; sourceTree = "<group>"; };
		101CE300298C033800B7A9FC /* DeviceDeletionAllAddressDataService.swift */ = {isa = PBXFileReference; lastKnownFileType = sourcecode.swift; path = DeviceDeletionAllAddressDataService.swift; sourceTree = "<group>"; };
		101CE302298C03E000B7A9FC /* DeviceDeletionAllCompanyDataService.swift */ = {isa = PBXFileReference; lastKnownFileType = sourcecode.swift; path = DeviceDeletionAllCompanyDataService.swift; sourceTree = "<group>"; };
		101CE304298C087D00B7A9FC /* DeviceSaveAllUserDataWorker.swift */ = {isa = PBXFileReference; lastKnownFileType = sourcecode.swift; path = DeviceSaveAllUserDataWorker.swift; sourceTree = "<group>"; };
		101CE306298C08A300B7A9FC /* DeviceSaveAllCommentsDataWorker.swift */ = {isa = PBXFileReference; lastKnownFileType = sourcecode.swift; path = DeviceSaveAllCommentsDataWorker.swift; sourceTree = "<group>"; };
		101CE308298C08C600B7A9FC /* DeviceDeletionAllUserDataWorker.swift */ = {isa = PBXFileReference; lastKnownFileType = sourcecode.swift; path = DeviceDeletionAllUserDataWorker.swift; sourceTree = "<group>"; };
		101CE30A298C090C00B7A9FC /* DeviceDeletionAllGeoDataWorker.swift */ = {isa = PBXFileReference; lastKnownFileType = sourcecode.swift; path = DeviceDeletionAllGeoDataWorker.swift; sourceTree = "<group>"; };
		101CE30C298C092700B7A9FC /* DeviceDeletionAllAddressDataWorker.swift */ = {isa = PBXFileReference; lastKnownFileType = sourcecode.swift; path = DeviceDeletionAllAddressDataWorker.swift; sourceTree = "<group>"; };
		101CE30E298C094100B7A9FC /* DeviceDeletionAllCompanyDataWorker.swift */ = {isa = PBXFileReference; lastKnownFileType = sourcecode.swift; path = DeviceDeletionAllCompanyDataWorker.swift; sourceTree = "<group>"; };
		101CE310298C09A700B7A9FC /* DeviceDeletionAllUserDataWorkerDelegate.swift */ = {isa = PBXFileReference; lastKnownFileType = sourcecode.swift; path = DeviceDeletionAllUserDataWorkerDelegate.swift; sourceTree = "<group>"; };
		101CE312298C0AF900B7A9FC /* DeviceSaveAllUserDataWorkerDelegate.swift */ = {isa = PBXFileReference; lastKnownFileType = sourcecode.swift; path = DeviceSaveAllUserDataWorkerDelegate.swift; sourceTree = "<group>"; };
		101CE314298C0C4A00B7A9FC /* DeviceSaveAllCommentsDataWorkerDelegate.swift */ = {isa = PBXFileReference; lastKnownFileType = sourcecode.swift; path = DeviceSaveAllCommentsDataWorkerDelegate.swift; sourceTree = "<group>"; };
		101CE316298C0D6700B7A9FC /* DeviceDeletionAllGeoDataWorkerDelegate.swift */ = {isa = PBXFileReference; lastKnownFileType = sourcecode.swift; path = DeviceDeletionAllGeoDataWorkerDelegate.swift; sourceTree = "<group>"; };
		101CE318298C0E1D00B7A9FC /* DeviceDeletionAllAddressDataWorkerDelegate.swift */ = {isa = PBXFileReference; lastKnownFileType = sourcecode.swift; path = DeviceDeletionAllAddressDataWorkerDelegate.swift; sourceTree = "<group>"; };
		101CE31A298C0F9000B7A9FC /* DeviceDeletionAllCompanyDataWorkerDelegate.swift */ = {isa = PBXFileReference; lastKnownFileType = sourcecode.swift; path = DeviceDeletionAllCompanyDataWorkerDelegate.swift; sourceTree = "<group>"; };
		29540CFAC9E8248FD792963D /* Pods_AuthorsTests.framework */ = {isa = PBXFileReference; explicitFileType = wrapper.framework; includeInIndex = 0; path = Pods_AuthorsTests.framework; sourceTree = BUILT_PRODUCTS_DIR; };
		4ECBD4CD7EF02147DC1EA021 /* Pods-Authors-AuthorsUITests.release.xcconfig */ = {isa = PBXFileReference; includeInIndex = 1; lastKnownFileType = text.xcconfig; name = "Pods-Authors-AuthorsUITests.release.xcconfig"; path = "Target Support Files/Pods-Authors-AuthorsUITests/Pods-Authors-AuthorsUITests.release.xcconfig"; sourceTree = "<group>"; };
		7C68EC3298FDD28EB29DC654 /* Pods-AuthorsTests.release.xcconfig */ = {isa = PBXFileReference; includeInIndex = 1; lastKnownFileType = text.xcconfig; name = "Pods-AuthorsTests.release.xcconfig"; path = "Target Support Files/Pods-AuthorsTests/Pods-AuthorsTests.release.xcconfig"; sourceTree = "<group>"; };
		8B9F1B49B1B83C539A74CC23 /* Pods-Authors.debug.xcconfig */ = {isa = PBXFileReference; includeInIndex = 1; lastKnownFileType = text.xcconfig; name = "Pods-Authors.debug.xcconfig"; path = "Target Support Files/Pods-Authors/Pods-Authors.debug.xcconfig"; sourceTree = "<group>"; };
		93EE663EB86CACF52FBBB810 /* Pods-AuthorsTests.debug.xcconfig */ = {isa = PBXFileReference; includeInIndex = 1; lastKnownFileType = text.xcconfig; name = "Pods-AuthorsTests.debug.xcconfig"; path = "Target Support Files/Pods-AuthorsTests/Pods-AuthorsTests.debug.xcconfig"; sourceTree = "<group>"; };
		9C1E3D91022F9A2C6F2178E7 /* Pods_Authors.framework */ = {isa = PBXFileReference; explicitFileType = wrapper.framework; includeInIndex = 0; path = Pods_Authors.framework; sourceTree = BUILT_PRODUCTS_DIR; };
		A39DABE3ABA41A5B4CD0EFBC /* Pods-Authors-AuthorsUITests.debug.xcconfig */ = {isa = PBXFileReference; includeInIndex = 1; lastKnownFileType = text.xcconfig; name = "Pods-Authors-AuthorsUITests.debug.xcconfig"; path = "Target Support Files/Pods-Authors-AuthorsUITests/Pods-Authors-AuthorsUITests.debug.xcconfig"; sourceTree = "<group>"; };
		B7131D8D04F2A24EB6DBE652 /* Pods_Authors_AuthorsUITests.framework */ = {isa = PBXFileReference; explicitFileType = wrapper.framework; includeInIndex = 0; path = Pods_Authors_AuthorsUITests.framework; sourceTree = BUILT_PRODUCTS_DIR; };
		B84DDCC21C314AAE9AB71863 /* Pods-Authors.release.xcconfig */ = {isa = PBXFileReference; includeInIndex = 1; lastKnownFileType = text.xcconfig; name = "Pods-Authors.release.xcconfig"; path = "Target Support Files/Pods-Authors/Pods-Authors.release.xcconfig"; sourceTree = "<group>"; };
/* End PBXFileReference section */

/* Begin PBXFrameworksBuildPhase section */
		101CE1722985754600B7A9FC /* Frameworks */ = {
			isa = PBXFrameworksBuildPhase;
			buildActionMask = 2147483647;
			files = (
				06FD664C16C03CBF35BD76B3 /* Pods_Authors.framework in Frameworks */,
			);
			runOnlyForDeploymentPostprocessing = 0;
		};
		101CE1882985754700B7A9FC /* Frameworks */ = {
			isa = PBXFrameworksBuildPhase;
			buildActionMask = 2147483647;
			files = (
				6A095DD9926073AE5A00E80F /* Pods_AuthorsTests.framework in Frameworks */,
			);
			runOnlyForDeploymentPostprocessing = 0;
		};
		101CE1922985754700B7A9FC /* Frameworks */ = {
			isa = PBXFrameworksBuildPhase;
			buildActionMask = 2147483647;
			files = (
				C65544DB136FE4AAEAF78CDE /* Pods_Authors_AuthorsUITests.framework in Frameworks */,
			);
			runOnlyForDeploymentPostprocessing = 0;
		};
/* End PBXFrameworksBuildPhase section */

/* Begin PBXGroup section */
		101CE16C2985754600B7A9FC = {
			isa = PBXGroup;
			children = (
				101CE1772985754600B7A9FC /* Authors */,
				101CE18E2985754700B7A9FC /* AuthorsTests */,
				101CE1982985754700B7A9FC /* AuthorsUITests */,
				101CE1762985754600B7A9FC /* Products */,
				3DCEAED0A8DBD26760A9CC23 /* Pods */,
				2608A47E825F201D95C94E71 /* Frameworks */,
			);
			sourceTree = "<group>";
		};
		101CE1762985754600B7A9FC /* Products */ = {
			isa = PBXGroup;
			children = (
				101CE1752985754600B7A9FC /* Authors.app */,
				101CE18B2985754700B7A9FC /* AuthorsTests.xctest */,
				101CE1952985754700B7A9FC /* AuthorsUITests.xctest */,
			);
			name = Products;
			sourceTree = "<group>";
		};
		101CE1772985754600B7A9FC /* Authors */ = {
			isa = PBXGroup;
			children = (
				101CE1B72985790300B7A9FC /* Entity */,
				101CE2DF298AD46D00B7A9FC /* NetworkConnection */,
				101CE1B6298578FE00B7A9FC /* NetworkService */,
				101CE25F298944FB00B7A9FC /* StorageService */,
				101CE1AB2985783E00B7A9FC /* Scenes */,
				101CE1A82985781900B7A9FC /* Common */,
				101CE1782985754600B7A9FC /* AppDelegate.swift */,
				101CE17A2985754600B7A9FC /* SceneDelegate.swift */,
				101CE1812985754700B7A9FC /* Assets.xcassets */,
				101CE1832985754700B7A9FC /* LaunchScreen.storyboard */,
				101CE1862985754700B7A9FC /* Info.plist */,
				101CE2432987F7FD00B7A9FC /* Model.xcdatamodeld */,
			);
			path = Authors;
			sourceTree = "<group>";
		};
		101CE18E2985754700B7A9FC /* AuthorsTests */ = {
			isa = PBXGroup;
			children = (
				101CE18F2985754700B7A9FC /* AuthorsTests.swift */,
			);
			path = AuthorsTests;
			sourceTree = "<group>";
		};
		101CE1982985754700B7A9FC /* AuthorsUITests */ = {
			isa = PBXGroup;
			children = (
				101CE1992985754700B7A9FC /* AuthorsUITests.swift */,
				101CE19B2985754700B7A9FC /* AuthorsUITestsLaunchTests.swift */,
			);
			path = AuthorsUITests;
			sourceTree = "<group>";
		};
		101CE1A82985781900B7A9FC /* Common */ = {
			isa = PBXGroup;
			children = (
				101CE1A92985782900B7A9FC /* ViewCodable.swift */,
			);
			path = Common;
			sourceTree = "<group>";
		};
		101CE1AB2985783E00B7A9FC /* Scenes */ = {
			isa = PBXGroup;
			children = (
				101CE1AD2985787800B7A9FC /* Detail */,
				101CE1AC2985787300B7A9FC /* Start */,
			);
			path = Scenes;
			sourceTree = "<group>";
		};
		101CE1AC2985787300B7A9FC /* Start */ = {
			isa = PBXGroup;
			children = (
				101CE1B5298578F700B7A9FC /* Model */,
				101CE1B4298578E100B7A9FC /* Worker */,
				101CE1B2298578C900B7A9FC /* Configurator */,
				101CE1B1298578C400B7A9FC /* View */,
				101CE1B0298578BF00B7A9FC /* Router */,
				101CE1AF298578BA00B7A9FC /* Interactor */,
				101CE1AE298578B300B7A9FC /* Presenter */,
			);
			path = Start;
			sourceTree = "<group>";
		};
		101CE1AD2985787800B7A9FC /* Detail */ = {
			isa = PBXGroup;
			children = (
				101CE1BE2985794000B7A9FC /* Router */,
				101CE1BD2985793000B7A9FC /* Interactor */,
				101CE1BC2985792B00B7A9FC /* Presenter */,
				101CE1BB2985792700B7A9FC /* View */,
				101CE1BA2985791D00B7A9FC /* Configurator */,
				101CE1B92985791600B7A9FC /* Worker */,
				101CE1B82985791100B7A9FC /* Model */,
			);
			path = Detail;
			sourceTree = "<group>";
		};
		101CE1AE298578B300B7A9FC /* Presenter */ = {
			isa = PBXGroup;
			children = (
				101CE1CD298579EE00B7A9FC /* PostPresenter.swift */,
				101CE1DF298591D400B7A9FC /* PostPresenterDelegate.swift */,
			);
			path = Presenter;
			sourceTree = "<group>";
		};
		101CE1AF298578BA00B7A9FC /* Interactor */ = {
			isa = PBXGroup;
			children = (
				101CE1CB298579E400B7A9FC /* PostInteractor.swift */,
				101CE1E12985926600B7A9FC /* PostInteractorDelegate.swift */,
			);
			path = Interactor;
			sourceTree = "<group>";
		};
		101CE1B0298578BF00B7A9FC /* Router */ = {
			isa = PBXGroup;
			children = (
				101CE1C9298579D700B7A9FC /* PostRouter.swift */,
				101CE1E5298593D800B7A9FC /* PostInternalRouterDelegate.swift */,
			);
			path = Router;
			sourceTree = "<group>";
		};
		101CE1B1298578C400B7A9FC /* View */ = {
			isa = PBXGroup;
			children = (
				101CE1C7298579C600B7A9FC /* PostView.swift */,
				101CE1CF29857A0600B7A9FC /* PostViewController.swift */,
				101CE1E92985956B00B7A9FC /* PostViewControllerDelegate.swift */,
				101CE1E72985953500B7A9FC /* PostCell.swift */,
				101CE1EB298595A200B7A9FC /* PostViewDelegate.swift */,
				101CE2702989DD1600B7A9FC /* Matcher.swift */,
				101CE2722989E37400B7A9FC /* Organizer.swift */,
			);
			path = View;
			sourceTree = "<group>";
		};
		101CE1B2298578C900B7A9FC /* Configurator */ = {
			isa = PBXGroup;
			children = (
				101CE1C5298579BB00B7A9FC /* PostConfigurator.swift */,
			);
			path = Configurator;
			sourceTree = "<group>";
		};
		101CE1B4298578E100B7A9FC /* Worker */ = {
			isa = PBXGroup;
			children = (
				101CE1C3298579AA00B7A9FC /* PostWorker.swift */,
				101CE1ED2985961A00B7A9FC /* PostWorkerDelegate.swift */,
				101CE26A2989C6BA00B7A9FC /* DeviceFindAllDataWorker.swift */,
				101CE26C2989C6CB00B7A9FC /* DeviceFindAllDataWorkerDelegate.swift */,
				101CE2D9298AB84000B7A9FC /* DeviceSaveAllDataWorker.swift */,
				101CE2DB298AB85700B7A9FC /* DeviceSaveAllDataWorkerDelegate.swift */,
				101CE2E4298AED3D00B7A9FC /* DeviceDeleteAllDataWorker.swift */,
				101CE2E6298AED5100B7A9FC /* DeviceDeleteAllDataWorkerDelegate.swift */,
				101CE2EA298B112C00B7A9FC /* NetworkMonitorWorker.swift */,
				101CE2EC298B11B200B7A9FC /* NetworkMonitorWorkerDelegate.swift */,
			);
			path = Worker;
			sourceTree = "<group>";
		};
		101CE1B5298578F700B7A9FC /* Model */ = {
			isa = PBXGroup;
			children = (
				101CE1C12985799B00B7A9FC /* PostModel.swift */,
				101CE26E2989C91900B7A9FC /* FindAllCoreDataModel.swift */,
				101CE2DD298ABB6700B7A9FC /* StartCoreDataModel.swift */,
				101CE2E8298AF1DC00B7A9FC /* DeleteAllPostCoreDataModel.swift */,
			);
			path = Model;
			sourceTree = "<group>";
		};
		101CE1B6298578FE00B7A9FC /* NetworkService */ = {
			isa = PBXGroup;
			children = (
				101CE1EF2985966700B7A9FC /* PostService.swift */,
				101CE1F12985969E00B7A9FC /* UserService.swift */,
				101CE2172986C8ED00B7A9FC /* CommentService.swift */,
				101CE2272987066100B7A9FC /* PostDeletionService.swift */,
				101CE2EE298B424400B7A9FC /* PostServiceDatasource.swift */,
				101CE2F2298B427B00B7A9FC /* UserServiceDatasource.swift */,
				101CE2F4298B429400B7A9FC /* CommentServiceDatasource.swift */,
				101CE2F6298B42AB00B7A9FC /* PostDeletionServiceDatasource.swift */,
			);
			path = NetworkService;
			sourceTree = "<group>";
		};
		101CE1B72985790300B7A9FC /* Entity */ = {
			isa = PBXGroup;
			children = (
				101CE2012985CAA900B7A9FC /* Post.swift */,
				101CE2072985FBA400B7A9FC /* User.swift */,
				101CE2092985FC0800B7A9FC /* Address.swift */,
				101CE20B2985FC3200B7A9FC /* Geo.swift */,
				101CE20D2985FC6800B7A9FC /* Company.swift */,
				101CE2132986B74000B7A9FC /* Comment.swift */,
			);
			path = Entity;
			sourceTree = "<group>";
		};
		101CE1B82985791100B7A9FC /* Model */ = {
			isa = PBXGroup;
			children = (
				101CE2252987060D00B7A9FC /* DeletionModel.swift */,
				101CE1D129857A1400B7A9FC /* DetailModel.swift */,
				101CE2512988285600B7A9FC /* CoreDataModel.swift */,
				101CE25D29888BD100B7A9FC /* FindCoreDataModel.swift */,
			);
			path = Model;
			sourceTree = "<group>";
		};
		101CE1B92985791600B7A9FC /* Worker */ = {
			isa = PBXGroup;
			children = (
				101CE22B2987100000B7A9FC /* PostDeletionWorkerDelegate.swift */,
				101CE22929870FE000B7A9FC /* PostDeletionWorker.swift */,
				101CE1D329857A2000B7A9FC /* DetailWorker.swift */,
				101CE1FD2985A1DB00B7A9FC /* DetailWorkerDelegate.swift */,
				101CE2192986CA6100B7A9FC /* CommentWorker.swift */,
				101CE21B2986CA7200B7A9FC /* CommentWorkerDelegate.swift */,
				101CE24D29881EB200B7A9FC /* DeviceSaveDataWorker.swift */,
				101CE24F298825D100B7A9FC /* DeviceSaveDataWorkerDelegate.swift */,
				101CE2592988888000B7A9FC /* DeviceFindDataWorker.swift */,
				101CE25B2988889000B7A9FC /* DeviceFindDataWorkerDelegate.swift */,
				101CE26229895B1000B7A9FC /* DeviceDeletionDataWorker.swift */,
				101CE26429895B2500B7A9FC /* DeviceDeletionDataWorkerDelegate.swift */,
				101CE304298C087D00B7A9FC /* DeviceSaveAllUserDataWorker.swift */,
				101CE312298C0AF900B7A9FC /* DeviceSaveAllUserDataWorkerDelegate.swift */,
				101CE306298C08A300B7A9FC /* DeviceSaveAllCommentsDataWorker.swift */,
				101CE314298C0C4A00B7A9FC /* DeviceSaveAllCommentsDataWorkerDelegate.swift */,
				101CE308298C08C600B7A9FC /* DeviceDeletionAllUserDataWorker.swift */,
				101CE310298C09A700B7A9FC /* DeviceDeletionAllUserDataWorkerDelegate.swift */,
				101CE30A298C090C00B7A9FC /* DeviceDeletionAllGeoDataWorker.swift */,
				101CE316298C0D6700B7A9FC /* DeviceDeletionAllGeoDataWorkerDelegate.swift */,
				101CE30C298C092700B7A9FC /* DeviceDeletionAllAddressDataWorker.swift */,
				101CE318298C0E1D00B7A9FC /* DeviceDeletionAllAddressDataWorkerDelegate.swift */,
				101CE30E298C094100B7A9FC /* DeviceDeletionAllCompanyDataWorker.swift */,
				101CE31A298C0F9000B7A9FC /* DeviceDeletionAllCompanyDataWorkerDelegate.swift */,
			);
			path = Worker;
			sourceTree = "<group>";
		};
		101CE1BA2985791D00B7A9FC /* Configurator */ = {
			isa = PBXGroup;
			children = (
				101CE1D529857A2B00B7A9FC /* DetailConfigurator.swift */,
			);
			path = Configurator;
			sourceTree = "<group>";
		};
		101CE1BB2985792700B7A9FC /* View */ = {
			isa = PBXGroup;
			children = (
				101CE1D729857A3500B7A9FC /* DetailView.swift */,
				101CE1F729859F5E00B7A9FC /* DetailViewController.swift */,
				101CE1F929859FCC00B7A9FC /* DetailViewControllerDelegate.swift */,
				101CE2112986AA3100B7A9FC /* AuthorInformation.swift */,
				101CE2152986BA7900B7A9FC /* CommentCell.swift */,
			);
			path = View;
			sourceTree = "<group>";
		};
		101CE1BC2985792B00B7A9FC /* Presenter */ = {
			isa = PBXGroup;
			children = (
				101CE1D929857A5800B7A9FC /* DetailPresenter.swift */,
				101CE1F529859F0E00B7A9FC /* DetailPresenterDelegate.swift */,
			);
			path = Presenter;
			sourceTree = "<group>";
		};
		101CE1BD2985793000B7A9FC /* Interactor */ = {
			isa = PBXGroup;
			children = (
				101CE1DB29857A6300B7A9FC /* DetailInteractor.swift */,
				101CE1FB2985A13F00B7A9FC /* DetailInteractorDelegate.swift */,
			);
			path = Interactor;
			sourceTree = "<group>";
		};
		101CE1BE2985794000B7A9FC /* Router */ = {
			isa = PBXGroup;
			children = (
				101CE1DD29857A6C00B7A9FC /* DetailRouter.swift */,
				101CE1FF2985A28B00B7A9FC /* DetailInternalRouterDelegate.swift */,
			);
			path = Router;
			sourceTree = "<group>";
		};
		101CE25F298944FB00B7A9FC /* StorageService */ = {
			isa = PBXGroup;
			children = (
				101CE25329885E2800B7A9FC /* DeviceSaveDataService.swift */,
				101CE2D7298AB56C00B7A9FC /* DeviceSaveAllDataService.swift */,
				101CE25529886E9000B7A9FC /* DeviceUpdateDataService.swift */,
				101CE257298874A100B7A9FC /* DeviceFindDataService.swift */,
				101CE2602989578500B7A9FC /* DeviceDeletionDataService.swift */,
				101CE2682989C4D600B7A9FC /* DeviceFindAllDataService.swift */,
				101CE2E2298AE9CA00B7A9FC /* DeviceDeletionAllDataService.swift */,
				101CE2F8298BECF800B7A9FC /* DeviceSaveAllUserDataService.swift */,
				101CE2FA298BEE4100B7A9FC /* DeviceSaveAllCommentsDataService.swift */,
				101CE2FC298C014D00B7A9FC /* DeviceDeletionAllUserDataService.swift */,
				101CE2FE298C02C400B7A9FC /* DeviceDeletionAllGeoDataService.swift */,
				101CE300298C033800B7A9FC /* DeviceDeletionAllAddressDataService.swift */,
				101CE302298C03E000B7A9FC /* DeviceDeletionAllCompanyDataService.swift */,
			);
			path = StorageService;
			sourceTree = "<group>";
		};
		101CE2DF298AD46D00B7A9FC /* NetworkConnection */ = {
			isa = PBXGroup;
			children = (
				101CE2E0298AD55D00B7A9FC /* NetworkMonitor.swift */,
				101CE2F0298B425F00B7A9FC /* NetworkMonitorDelegate.swift */,
			);
			path = NetworkConnection;
			sourceTree = "<group>";
		};
		2608A47E825F201D95C94E71 /* Frameworks */ = {
			isa = PBXGroup;
			children = (
				9C1E3D91022F9A2C6F2178E7 /* Pods_Authors.framework */,
				B7131D8D04F2A24EB6DBE652 /* Pods_Authors_AuthorsUITests.framework */,
				29540CFAC9E8248FD792963D /* Pods_AuthorsTests.framework */,
			);
			name = Frameworks;
			sourceTree = "<group>";
		};
		3DCEAED0A8DBD26760A9CC23 /* Pods */ = {
			isa = PBXGroup;
			children = (
				8B9F1B49B1B83C539A74CC23 /* Pods-Authors.debug.xcconfig */,
				B84DDCC21C314AAE9AB71863 /* Pods-Authors.release.xcconfig */,
				A39DABE3ABA41A5B4CD0EFBC /* Pods-Authors-AuthorsUITests.debug.xcconfig */,
				4ECBD4CD7EF02147DC1EA021 /* Pods-Authors-AuthorsUITests.release.xcconfig */,
				93EE663EB86CACF52FBBB810 /* Pods-AuthorsTests.debug.xcconfig */,
				7C68EC3298FDD28EB29DC654 /* Pods-AuthorsTests.release.xcconfig */,
			);
			path = Pods;
			sourceTree = "<group>";
		};
/* End PBXGroup section */

/* Begin PBXNativeTarget section */
		101CE1742985754600B7A9FC /* Authors */ = {
			isa = PBXNativeTarget;
			buildConfigurationList = 101CE19F2985754700B7A9FC /* Build configuration list for PBXNativeTarget "Authors" */;
			buildPhases = (
				B2525F343FD852AE87E3C44E /* [CP] Check Pods Manifest.lock */,
				101CE1712985754600B7A9FC /* Sources */,
				101CE1722985754600B7A9FC /* Frameworks */,
				101CE1732985754600B7A9FC /* Resources */,
			);
			buildRules = (
			);
			dependencies = (
			);
			name = Authors;
			productName = Authors;
			productReference = 101CE1752985754600B7A9FC /* Authors.app */;
			productType = "com.apple.product-type.application";
		};
		101CE18A2985754700B7A9FC /* AuthorsTests */ = {
			isa = PBXNativeTarget;
			buildConfigurationList = 101CE1A22985754700B7A9FC /* Build configuration list for PBXNativeTarget "AuthorsTests" */;
			buildPhases = (
				3BD74A2E7A2F33EB6B2F849C /* [CP] Check Pods Manifest.lock */,
				101CE1872985754700B7A9FC /* Sources */,
				101CE1882985754700B7A9FC /* Frameworks */,
				101CE1892985754700B7A9FC /* Resources */,
			);
			buildRules = (
			);
			dependencies = (
				101CE18D2985754700B7A9FC /* PBXTargetDependency */,
			);
			name = AuthorsTests;
			productName = AuthorsTests;
			productReference = 101CE18B2985754700B7A9FC /* AuthorsTests.xctest */;
			productType = "com.apple.product-type.bundle.unit-test";
		};
		101CE1942985754700B7A9FC /* AuthorsUITests */ = {
			isa = PBXNativeTarget;
			buildConfigurationList = 101CE1A52985754700B7A9FC /* Build configuration list for PBXNativeTarget "AuthorsUITests" */;
			buildPhases = (
				1AAFD5FEF537AE2EFEC67188 /* [CP] Check Pods Manifest.lock */,
				101CE1912985754700B7A9FC /* Sources */,
				101CE1922985754700B7A9FC /* Frameworks */,
				101CE1932985754700B7A9FC /* Resources */,
			);
			buildRules = (
			);
			dependencies = (
				101CE1972985754700B7A9FC /* PBXTargetDependency */,
			);
			name = AuthorsUITests;
			productName = AuthorsUITests;
			productReference = 101CE1952985754700B7A9FC /* AuthorsUITests.xctest */;
			productType = "com.apple.product-type.bundle.ui-testing";
		};
/* End PBXNativeTarget section */

/* Begin PBXProject section */
		101CE16D2985754600B7A9FC /* Project object */ = {
			isa = PBXProject;
			attributes = {
				BuildIndependentTargetsInParallel = 1;
				LastSwiftUpdateCheck = 1420;
				LastUpgradeCheck = 1420;
				TargetAttributes = {
					101CE1742985754600B7A9FC = {
						CreatedOnToolsVersion = 14.2;
					};
					101CE18A2985754700B7A9FC = {
						CreatedOnToolsVersion = 14.2;
						TestTargetID = 101CE1742985754600B7A9FC;
					};
					101CE1942985754700B7A9FC = {
						CreatedOnToolsVersion = 14.2;
						TestTargetID = 101CE1742985754600B7A9FC;
					};
				};
			};
			buildConfigurationList = 101CE1702985754600B7A9FC /* Build configuration list for PBXProject "Authors" */;
			compatibilityVersion = "Xcode 13.0";
			developmentRegion = en;
			hasScannedForEncodings = 0;
			knownRegions = (
				en,
				Base,
			);
			mainGroup = 101CE16C2985754600B7A9FC;
			productRefGroup = 101CE1762985754600B7A9FC /* Products */;
			projectDirPath = "";
			projectRoot = "";
			targets = (
				101CE1742985754600B7A9FC /* Authors */,
				101CE18A2985754700B7A9FC /* AuthorsTests */,
				101CE1942985754700B7A9FC /* AuthorsUITests */,
			);
		};
/* End PBXProject section */

/* Begin PBXResourcesBuildPhase section */
		101CE1732985754600B7A9FC /* Resources */ = {
			isa = PBXResourcesBuildPhase;
			buildActionMask = 2147483647;
			files = (
				101CE1852985754700B7A9FC /* LaunchScreen.storyboard in Resources */,
				101CE1822985754700B7A9FC /* Assets.xcassets in Resources */,
			);
			runOnlyForDeploymentPostprocessing = 0;
		};
		101CE1892985754700B7A9FC /* Resources */ = {
			isa = PBXResourcesBuildPhase;
			buildActionMask = 2147483647;
			files = (
			);
			runOnlyForDeploymentPostprocessing = 0;
		};
		101CE1932985754700B7A9FC /* Resources */ = {
			isa = PBXResourcesBuildPhase;
			buildActionMask = 2147483647;
			files = (
			);
			runOnlyForDeploymentPostprocessing = 0;
		};
/* End PBXResourcesBuildPhase section */

/* Begin PBXShellScriptBuildPhase section */
		1AAFD5FEF537AE2EFEC67188 /* [CP] Check Pods Manifest.lock */ = {
			isa = PBXShellScriptBuildPhase;
			buildActionMask = 2147483647;
			files = (
			);
			inputFileListPaths = (
			);
			inputPaths = (
				"${PODS_PODFILE_DIR_PATH}/Podfile.lock",
				"${PODS_ROOT}/Manifest.lock",
			);
			name = "[CP] Check Pods Manifest.lock";
			outputFileListPaths = (
			);
			outputPaths = (
				"$(DERIVED_FILE_DIR)/Pods-Authors-AuthorsUITests-checkManifestLockResult.txt",
			);
			runOnlyForDeploymentPostprocessing = 0;
			shellPath = /bin/sh;
			shellScript = "diff \"${PODS_PODFILE_DIR_PATH}/Podfile.lock\" \"${PODS_ROOT}/Manifest.lock\" > /dev/null\nif [ $? != 0 ] ; then\n    # print error to STDERR\n    echo \"error: The sandbox is not in sync with the Podfile.lock. Run 'pod install' or update your CocoaPods installation.\" >&2\n    exit 1\nfi\n# This output is used by Xcode 'outputs' to avoid re-running this script phase.\necho \"SUCCESS\" > \"${SCRIPT_OUTPUT_FILE_0}\"\n";
			showEnvVarsInLog = 0;
		};
		3BD74A2E7A2F33EB6B2F849C /* [CP] Check Pods Manifest.lock */ = {
			isa = PBXShellScriptBuildPhase;
			buildActionMask = 2147483647;
			files = (
			);
			inputFileListPaths = (
			);
			inputPaths = (
				"${PODS_PODFILE_DIR_PATH}/Podfile.lock",
				"${PODS_ROOT}/Manifest.lock",
			);
			name = "[CP] Check Pods Manifest.lock";
			outputFileListPaths = (
			);
			outputPaths = (
				"$(DERIVED_FILE_DIR)/Pods-AuthorsTests-checkManifestLockResult.txt",
			);
			runOnlyForDeploymentPostprocessing = 0;
			shellPath = /bin/sh;
			shellScript = "diff \"${PODS_PODFILE_DIR_PATH}/Podfile.lock\" \"${PODS_ROOT}/Manifest.lock\" > /dev/null\nif [ $? != 0 ] ; then\n    # print error to STDERR\n    echo \"error: The sandbox is not in sync with the Podfile.lock. Run 'pod install' or update your CocoaPods installation.\" >&2\n    exit 1\nfi\n# This output is used by Xcode 'outputs' to avoid re-running this script phase.\necho \"SUCCESS\" > \"${SCRIPT_OUTPUT_FILE_0}\"\n";
			showEnvVarsInLog = 0;
		};
		B2525F343FD852AE87E3C44E /* [CP] Check Pods Manifest.lock */ = {
			isa = PBXShellScriptBuildPhase;
			buildActionMask = 2147483647;
			files = (
			);
			inputFileListPaths = (
			);
			inputPaths = (
				"${PODS_PODFILE_DIR_PATH}/Podfile.lock",
				"${PODS_ROOT}/Manifest.lock",
			);
			name = "[CP] Check Pods Manifest.lock";
			outputFileListPaths = (
			);
			outputPaths = (
				"$(DERIVED_FILE_DIR)/Pods-Authors-checkManifestLockResult.txt",
			);
			runOnlyForDeploymentPostprocessing = 0;
			shellPath = /bin/sh;
			shellScript = "diff \"${PODS_PODFILE_DIR_PATH}/Podfile.lock\" \"${PODS_ROOT}/Manifest.lock\" > /dev/null\nif [ $? != 0 ] ; then\n    # print error to STDERR\n    echo \"error: The sandbox is not in sync with the Podfile.lock. Run 'pod install' or update your CocoaPods installation.\" >&2\n    exit 1\nfi\n# This output is used by Xcode 'outputs' to avoid re-running this script phase.\necho \"SUCCESS\" > \"${SCRIPT_OUTPUT_FILE_0}\"\n";
			showEnvVarsInLog = 0;
		};
/* End PBXShellScriptBuildPhase section */

/* Begin PBXSourcesBuildPhase section */
		101CE1712985754600B7A9FC /* Sources */ = {
			isa = PBXSourcesBuildPhase;
			buildActionMask = 2147483647;
			files = (
				101CE2ED298B11B200B7A9FC /* NetworkMonitorWorkerDelegate.swift in Sources */,
				101CE2DA298AB84000B7A9FC /* DeviceSaveAllDataWorker.swift in Sources */,
				101CE1EE2985961A00B7A9FC /* PostWorkerDelegate.swift in Sources */,
				101CE25C2988889000B7A9FC /* DeviceFindDataWorkerDelegate.swift in Sources */,
				101CE25629886E9000B7A9FC /* DeviceUpdateDataService.swift in Sources */,
				101CE2282987066100B7A9FC /* PostDeletionService.swift in Sources */,
				101CE1D229857A1400B7A9FC /* DetailModel.swift in Sources */,
				101CE1FC2985A13F00B7A9FC /* DetailInteractorDelegate.swift in Sources */,
				101CE1CE298579EE00B7A9FC /* PostPresenter.swift in Sources */,
				101CE1C8298579C600B7A9FC /* PostView.swift in Sources */,
				101CE25A2988888000B7A9FC /* DeviceFindDataWorker.swift in Sources */,
				101CE313298C0AF900B7A9FC /* DeviceSaveAllUserDataWorkerDelegate.swift in Sources */,
				101CE1FA29859FCC00B7A9FC /* DetailViewControllerDelegate.swift in Sources */,
				101CE26529895B2500B7A9FC /* DeviceDeletionDataWorkerDelegate.swift in Sources */,
				101CE2DE298ABB6700B7A9FC /* StartCoreDataModel.swift in Sources */,
				101CE30D298C092800B7A9FC /* DeviceDeletionAllAddressDataWorker.swift in Sources */,
				101CE1C6298579BB00B7A9FC /* PostConfigurator.swift in Sources */,
				101CE1D429857A2000B7A9FC /* DetailWorker.swift in Sources */,
				101CE24E29881EB200B7A9FC /* DeviceSaveDataWorker.swift in Sources */,
				101CE2142986B74000B7A9FC /* Comment.swift in Sources */,
				101CE311298C09A700B7A9FC /* DeviceDeletionAllUserDataWorkerDelegate.swift in Sources */,
				101CE1EC298595A200B7A9FC /* PostViewDelegate.swift in Sources */,
				101CE2E9298AF1DC00B7A9FC /* DeleteAllPostCoreDataModel.swift in Sources */,
				101CE1CA298579D700B7A9FC /* PostRouter.swift in Sources */,
				101CE21A2986CA6100B7A9FC /* CommentWorker.swift in Sources */,
				101CE2FB298BEE4100B7A9FC /* DeviceSaveAllCommentsDataService.swift in Sources */,
				101CE303298C03E000B7A9FC /* DeviceDeletionAllCompanyDataService.swift in Sources */,
				101CE1792985754600B7A9FC /* AppDelegate.swift in Sources */,
				101CE2122986AA3100B7A9FC /* AuthorInformation.swift in Sources */,
				101CE31B298C0F9000B7A9FC /* DeviceDeletionAllCompanyDataWorkerDelegate.swift in Sources */,
				101CE1C22985799B00B7A9FC /* PostModel.swift in Sources */,
				101CE258298874A100B7A9FC /* DeviceFindDataService.swift in Sources */,
				101CE309298C08C600B7A9FC /* DeviceDeletionAllUserDataWorker.swift in Sources */,
				101CE26B2989C6BA00B7A9FC /* DeviceFindAllDataWorker.swift in Sources */,
				101CE2E1298AD55D00B7A9FC /* NetworkMonitor.swift in Sources */,
				101CE1F629859F0E00B7A9FC /* DetailPresenterDelegate.swift in Sources */,
				101CE2E7298AED5100B7A9FC /* DeviceDeleteAllDataWorkerDelegate.swift in Sources */,
				101CE2D8298AB56C00B7A9FC /* DeviceSaveAllDataService.swift in Sources */,
				101CE1C4298579AA00B7A9FC /* PostWorker.swift in Sources */,
				101CE2712989DD1600B7A9FC /* Matcher.swift in Sources */,
				101CE20A2985FC0800B7A9FC /* Address.swift in Sources */,
				101CE2612989578500B7A9FC /* DeviceDeletionDataService.swift in Sources */,
				101CE1D629857A2B00B7A9FC /* DetailConfigurator.swift in Sources */,
				101CE25E29888BD100B7A9FC /* FindCoreDataModel.swift in Sources */,
				101CE1F22985969E00B7A9FC /* UserService.swift in Sources */,
				101CE2262987060D00B7A9FC /* DeletionModel.swift in Sources */,
				101CE2F7298B42AB00B7A9FC /* PostDeletionServiceDatasource.swift in Sources */,
				101CE307298C08A300B7A9FC /* DeviceSaveAllCommentsDataWorker.swift in Sources */,
				101CE2EF298B424400B7A9FC /* PostServiceDatasource.swift in Sources */,
				101CE305298C087D00B7A9FC /* DeviceSaveAllUserDataWorker.swift in Sources */,
				101CE301298C033800B7A9FC /* DeviceDeletionAllAddressDataService.swift in Sources */,
				101CE20E2985FC6800B7A9FC /* Company.swift in Sources */,
				101CE1CC298579E400B7A9FC /* PostInteractor.swift in Sources */,
				101CE2E3298AE9CA00B7A9FC /* DeviceDeletionAllDataService.swift in Sources */,
				101CE2082985FBA400B7A9FC /* User.swift in Sources */,
				101CE1E0298591D400B7A9FC /* PostPresenterDelegate.swift in Sources */,
				101CE1F02985966700B7A9FC /* PostService.swift in Sources */,
				101CE2022985CAAA00B7A9FC /* Post.swift in Sources */,
				101CE2182986C8ED00B7A9FC /* CommentService.swift in Sources */,
				101CE1E6298593D800B7A9FC /* PostInternalRouterDelegate.swift in Sources */,
				101CE2FF298C02C400B7A9FC /* DeviceDeletionAllGeoDataService.swift in Sources */,
				101CE1DA29857A5800B7A9FC /* DetailPresenter.swift in Sources */,
				101CE30F298C094100B7A9FC /* DeviceDeletionAllCompanyDataWorker.swift in Sources */,
				101CE2EB298B112C00B7A9FC /* NetworkMonitorWorker.swift in Sources */,
				101CE2DC298AB85700B7A9FC /* DeviceSaveAllDataWorkerDelegate.swift in Sources */,
				101CE17B2985754600B7A9FC /* SceneDelegate.swift in Sources */,
				101CE1DC29857A6300B7A9FC /* DetailInteractor.swift in Sources */,
				101CE26329895B1000B7A9FC /* DeviceDeletionDataWorker.swift in Sources */,
				101CE250298825D100B7A9FC /* DeviceSaveDataWorkerDelegate.swift in Sources */,
				101CE2002985A28B00B7A9FC /* DetailInternalRouterDelegate.swift in Sources */,
				101CE315298C0C4A00B7A9FC /* DeviceSaveAllCommentsDataWorkerDelegate.swift in Sources */,
				101CE1E22985926700B7A9FC /* PostInteractorDelegate.swift in Sources */,
				101CE21C2986CA7200B7A9FC /* CommentWorkerDelegate.swift in Sources */,
				101CE2F3298B427B00B7A9FC /* UserServiceDatasource.swift in Sources */,
				101CE2E5298AED3D00B7A9FC /* DeviceDeleteAllDataWorker.swift in Sources */,
				101CE1AA2985782900B7A9FC /* ViewCodable.swift in Sources */,
				101CE22C2987100000B7A9FC /* PostDeletionWorkerDelegate.swift in Sources */,
				101CE1EA2985956B00B7A9FC /* PostViewControllerDelegate.swift in Sources */,
				101CE2FD298C014D00B7A9FC /* DeviceDeletionAllUserDataService.swift in Sources */,
				101CE22A29870FE000B7A9FC /* PostDeletionWorker.swift in Sources */,
				101CE1DE29857A6C00B7A9FC /* DetailRouter.swift in Sources */,
				101CE1E82985953500B7A9FC /* PostCell.swift in Sources */,
				101CE1F829859F5E00B7A9FC /* DetailViewController.swift in Sources */,
				101CE2F5298B429400B7A9FC /* CommentServiceDatasource.swift in Sources */,
				101CE317298C0D6700B7A9FC /* DeviceDeletionAllGeoDataWorkerDelegate.swift in Sources */,
				101CE26F2989C91900B7A9FC /* FindAllCoreDataModel.swift in Sources */,
				101CE2F1298B425F00B7A9FC /* NetworkMonitorDelegate.swift in Sources */,
				101CE30B298C090C00B7A9FC /* DeviceDeletionAllGeoDataWorker.swift in Sources */,
				101CE2522988285600B7A9FC /* CoreDataModel.swift in Sources */,
				101CE1FE2985A1DB00B7A9FC /* DetailWorkerDelegate.swift in Sources */,
				101CE1D829857A3500B7A9FC /* DetailView.swift in Sources */,
				101CE1D029857A0600B7A9FC /* PostViewController.swift in Sources */,
				101CE2452987F7FE00B7A9FC /* Model.xcdatamodeld in Sources */,
				101CE2F9298BECF800B7A9FC /* DeviceSaveAllUserDataService.swift in Sources */,
				101CE20C2985FC3200B7A9FC /* Geo.swift in Sources */,
				101CE25429885E2800B7A9FC /* DeviceSaveDataService.swift in Sources */,
				101CE26D2989C6CB00B7A9FC /* DeviceFindAllDataWorkerDelegate.swift in Sources */,
				101CE2692989C4D600B7A9FC /* DeviceFindAllDataService.swift in Sources */,
				101CE319298C0E1D00B7A9FC /* DeviceDeletionAllAddressDataWorkerDelegate.swift in Sources */,
				101CE2162986BA7900B7A9FC /* CommentCell.swift in Sources */,
				101CE2732989E37400B7A9FC /* Organizer.swift in Sources */,
			);
			runOnlyForDeploymentPostprocessing = 0;
		};
		101CE1872985754700B7A9FC /* Sources */ = {
			isa = PBXSourcesBuildPhase;
			buildActionMask = 2147483647;
			files = (
				101CE1902985754700B7A9FC /* AuthorsTests.swift in Sources */,
			);
			runOnlyForDeploymentPostprocessing = 0;
		};
		101CE1912985754700B7A9FC /* Sources */ = {
			isa = PBXSourcesBuildPhase;
			buildActionMask = 2147483647;
			files = (
				101CE19A2985754700B7A9FC /* AuthorsUITests.swift in Sources */,
				101CE19C2985754700B7A9FC /* AuthorsUITestsLaunchTests.swift in Sources */,
			);
			runOnlyForDeploymentPostprocessing = 0;
		};
/* End PBXSourcesBuildPhase section */

/* Begin PBXTargetDependency section */
		101CE18D2985754700B7A9FC /* PBXTargetDependency */ = {
			isa = PBXTargetDependency;
			target = 101CE1742985754600B7A9FC /* Authors */;
			targetProxy = 101CE18C2985754700B7A9FC /* PBXContainerItemProxy */;
		};
		101CE1972985754700B7A9FC /* PBXTargetDependency */ = {
			isa = PBXTargetDependency;
			target = 101CE1742985754600B7A9FC /* Authors */;
			targetProxy = 101CE1962985754700B7A9FC /* PBXContainerItemProxy */;
		};
/* End PBXTargetDependency section */

/* Begin PBXVariantGroup section */
		101CE1832985754700B7A9FC /* LaunchScreen.storyboard */ = {
			isa = PBXVariantGroup;
			children = (
				101CE1842985754700B7A9FC /* Base */,
			);
			name = LaunchScreen.storyboard;
			sourceTree = "<group>";
		};
/* End PBXVariantGroup section */

/* Begin XCBuildConfiguration section */
		101CE19D2985754700B7A9FC /* Debug */ = {
			isa = XCBuildConfiguration;
			buildSettings = {
				ALWAYS_SEARCH_USER_PATHS = NO;
				CLANG_ANALYZER_NONNULL = YES;
				CLANG_ANALYZER_NUMBER_OBJECT_CONVERSION = YES_AGGRESSIVE;
				CLANG_CXX_LANGUAGE_STANDARD = "gnu++20";
				CLANG_ENABLE_MODULES = YES;
				CLANG_ENABLE_OBJC_ARC = YES;
				CLANG_ENABLE_OBJC_WEAK = YES;
				CLANG_WARN_BLOCK_CAPTURE_AUTORELEASING = YES;
				CLANG_WARN_BOOL_CONVERSION = YES;
				CLANG_WARN_COMMA = YES;
				CLANG_WARN_CONSTANT_CONVERSION = YES;
				CLANG_WARN_DEPRECATED_OBJC_IMPLEMENTATIONS = YES;
				CLANG_WARN_DIRECT_OBJC_ISA_USAGE = YES_ERROR;
				CLANG_WARN_DOCUMENTATION_COMMENTS = YES;
				CLANG_WARN_EMPTY_BODY = YES;
				CLANG_WARN_ENUM_CONVERSION = YES;
				CLANG_WARN_INFINITE_RECURSION = YES;
				CLANG_WARN_INT_CONVERSION = YES;
				CLANG_WARN_NON_LITERAL_NULL_CONVERSION = YES;
				CLANG_WARN_OBJC_IMPLICIT_RETAIN_SELF = YES;
				CLANG_WARN_OBJC_LITERAL_CONVERSION = YES;
				CLANG_WARN_OBJC_ROOT_CLASS = YES_ERROR;
				CLANG_WARN_QUOTED_INCLUDE_IN_FRAMEWORK_HEADER = YES;
				CLANG_WARN_RANGE_LOOP_ANALYSIS = YES;
				CLANG_WARN_STRICT_PROTOTYPES = YES;
				CLANG_WARN_SUSPICIOUS_MOVE = YES;
				CLANG_WARN_UNGUARDED_AVAILABILITY = YES_AGGRESSIVE;
				CLANG_WARN_UNREACHABLE_CODE = YES;
				CLANG_WARN__DUPLICATE_METHOD_MATCH = YES;
				COPY_PHASE_STRIP = NO;
				DEBUG_INFORMATION_FORMAT = dwarf;
				ENABLE_STRICT_OBJC_MSGSEND = YES;
				ENABLE_TESTABILITY = YES;
				GCC_C_LANGUAGE_STANDARD = gnu11;
				GCC_DYNAMIC_NO_PIC = NO;
				GCC_NO_COMMON_BLOCKS = YES;
				GCC_OPTIMIZATION_LEVEL = 0;
				GCC_PREPROCESSOR_DEFINITIONS = (
					"DEBUG=1",
					"$(inherited)",
				);
				GCC_WARN_64_TO_32_BIT_CONVERSION = YES;
				GCC_WARN_ABOUT_RETURN_TYPE = YES_ERROR;
				GCC_WARN_UNDECLARED_SELECTOR = YES;
				GCC_WARN_UNINITIALIZED_AUTOS = YES_AGGRESSIVE;
				GCC_WARN_UNUSED_FUNCTION = YES;
				GCC_WARN_UNUSED_VARIABLE = YES;
				IPHONEOS_DEPLOYMENT_TARGET = 16.2;
				MTL_ENABLE_DEBUG_INFO = INCLUDE_SOURCE;
				MTL_FAST_MATH = YES;
				ONLY_ACTIVE_ARCH = YES;
				SDKROOT = iphoneos;
				SWIFT_ACTIVE_COMPILATION_CONDITIONS = DEBUG;
				SWIFT_OPTIMIZATION_LEVEL = "-Onone";
			};
			name = Debug;
		};
		101CE19E2985754700B7A9FC /* Release */ = {
			isa = XCBuildConfiguration;
			buildSettings = {
				ALWAYS_SEARCH_USER_PATHS = NO;
				CLANG_ANALYZER_NONNULL = YES;
				CLANG_ANALYZER_NUMBER_OBJECT_CONVERSION = YES_AGGRESSIVE;
				CLANG_CXX_LANGUAGE_STANDARD = "gnu++20";
				CLANG_ENABLE_MODULES = YES;
				CLANG_ENABLE_OBJC_ARC = YES;
				CLANG_ENABLE_OBJC_WEAK = YES;
				CLANG_WARN_BLOCK_CAPTURE_AUTORELEASING = YES;
				CLANG_WARN_BOOL_CONVERSION = YES;
				CLANG_WARN_COMMA = YES;
				CLANG_WARN_CONSTANT_CONVERSION = YES;
				CLANG_WARN_DEPRECATED_OBJC_IMPLEMENTATIONS = YES;
				CLANG_WARN_DIRECT_OBJC_ISA_USAGE = YES_ERROR;
				CLANG_WARN_DOCUMENTATION_COMMENTS = YES;
				CLANG_WARN_EMPTY_BODY = YES;
				CLANG_WARN_ENUM_CONVERSION = YES;
				CLANG_WARN_INFINITE_RECURSION = YES;
				CLANG_WARN_INT_CONVERSION = YES;
				CLANG_WARN_NON_LITERAL_NULL_CONVERSION = YES;
				CLANG_WARN_OBJC_IMPLICIT_RETAIN_SELF = YES;
				CLANG_WARN_OBJC_LITERAL_CONVERSION = YES;
				CLANG_WARN_OBJC_ROOT_CLASS = YES_ERROR;
				CLANG_WARN_QUOTED_INCLUDE_IN_FRAMEWORK_HEADER = YES;
				CLANG_WARN_RANGE_LOOP_ANALYSIS = YES;
				CLANG_WARN_STRICT_PROTOTYPES = YES;
				CLANG_WARN_SUSPICIOUS_MOVE = YES;
				CLANG_WARN_UNGUARDED_AVAILABILITY = YES_AGGRESSIVE;
				CLANG_WARN_UNREACHABLE_CODE = YES;
				CLANG_WARN__DUPLICATE_METHOD_MATCH = YES;
				COPY_PHASE_STRIP = NO;
				DEBUG_INFORMATION_FORMAT = "dwarf-with-dsym";
				ENABLE_NS_ASSERTIONS = NO;
				ENABLE_STRICT_OBJC_MSGSEND = YES;
				GCC_C_LANGUAGE_STANDARD = gnu11;
				GCC_NO_COMMON_BLOCKS = YES;
				GCC_WARN_64_TO_32_BIT_CONVERSION = YES;
				GCC_WARN_ABOUT_RETURN_TYPE = YES_ERROR;
				GCC_WARN_UNDECLARED_SELECTOR = YES;
				GCC_WARN_UNINITIALIZED_AUTOS = YES_AGGRESSIVE;
				GCC_WARN_UNUSED_FUNCTION = YES;
				GCC_WARN_UNUSED_VARIABLE = YES;
				IPHONEOS_DEPLOYMENT_TARGET = 16.2;
				MTL_ENABLE_DEBUG_INFO = NO;
				MTL_FAST_MATH = YES;
				SDKROOT = iphoneos;
				SWIFT_COMPILATION_MODE = wholemodule;
				SWIFT_OPTIMIZATION_LEVEL = "-O";
				VALIDATE_PRODUCT = YES;
			};
			name = Release;
		};
		101CE1A02985754700B7A9FC /* Debug */ = {
			isa = XCBuildConfiguration;
			baseConfigurationReference = 8B9F1B49B1B83C539A74CC23 /* Pods-Authors.debug.xcconfig */;
			buildSettings = {
				ASSETCATALOG_COMPILER_APPICON_NAME = AppIcon;
				ASSETCATALOG_COMPILER_GLOBAL_ACCENT_COLOR_NAME = AccentColor;
				CODE_SIGN_STYLE = Automatic;
				CURRENT_PROJECT_VERSION = 1;
				GENERATE_INFOPLIST_FILE = YES;
				INFOPLIST_FILE = Authors/Info.plist;
				INFOPLIST_KEY_UIApplicationSupportsIndirectInputEvents = YES;
				INFOPLIST_KEY_UILaunchStoryboardName = LaunchScreen;
				INFOPLIST_KEY_UISupportedInterfaceOrientations_iPad = "UIInterfaceOrientationPortrait UIInterfaceOrientationPortraitUpsideDown UIInterfaceOrientationLandscapeLeft UIInterfaceOrientationLandscapeRight";
				INFOPLIST_KEY_UISupportedInterfaceOrientations_iPhone = "UIInterfaceOrientationPortrait UIInterfaceOrientationLandscapeLeft UIInterfaceOrientationLandscapeRight";
				LD_RUNPATH_SEARCH_PATHS = (
					"$(inherited)",
					"@executable_path/Frameworks",
				);
				MARKETING_VERSION = 1.0;
				PRODUCT_BUNDLE_IDENTIFIER = br.Authors;
				PRODUCT_NAME = "$(TARGET_NAME)";
				SWIFT_EMIT_LOC_STRINGS = YES;
				SWIFT_VERSION = 5.0;
				TARGETED_DEVICE_FAMILY = "1,2";
			};
			name = Debug;
		};
		101CE1A12985754700B7A9FC /* Release */ = {
			isa = XCBuildConfiguration;
			baseConfigurationReference = B84DDCC21C314AAE9AB71863 /* Pods-Authors.release.xcconfig */;
			buildSettings = {
				ASSETCATALOG_COMPILER_APPICON_NAME = AppIcon;
				ASSETCATALOG_COMPILER_GLOBAL_ACCENT_COLOR_NAME = AccentColor;
				CODE_SIGN_STYLE = Automatic;
				CURRENT_PROJECT_VERSION = 1;
				GENERATE_INFOPLIST_FILE = YES;
				INFOPLIST_FILE = Authors/Info.plist;
				INFOPLIST_KEY_UIApplicationSupportsIndirectInputEvents = YES;
				INFOPLIST_KEY_UILaunchStoryboardName = LaunchScreen;
				INFOPLIST_KEY_UISupportedInterfaceOrientations_iPad = "UIInterfaceOrientationPortrait UIInterfaceOrientationPortraitUpsideDown UIInterfaceOrientationLandscapeLeft UIInterfaceOrientationLandscapeRight";
				INFOPLIST_KEY_UISupportedInterfaceOrientations_iPhone = "UIInterfaceOrientationPortrait UIInterfaceOrientationLandscapeLeft UIInterfaceOrientationLandscapeRight";
				LD_RUNPATH_SEARCH_PATHS = (
					"$(inherited)",
					"@executable_path/Frameworks",
				);
				MARKETING_VERSION = 1.0;
				PRODUCT_BUNDLE_IDENTIFIER = br.Authors;
				PRODUCT_NAME = "$(TARGET_NAME)";
				SWIFT_EMIT_LOC_STRINGS = YES;
				SWIFT_VERSION = 5.0;
				TARGETED_DEVICE_FAMILY = "1,2";
			};
			name = Release;
		};
		101CE1A32985754700B7A9FC /* Debug */ = {
			isa = XCBuildConfiguration;
			baseConfigurationReference = 93EE663EB86CACF52FBBB810 /* Pods-AuthorsTests.debug.xcconfig */;
			buildSettings = {
				ALWAYS_EMBED_SWIFT_STANDARD_LIBRARIES = YES;
				BUNDLE_LOADER = "$(TEST_HOST)";
				CODE_SIGN_STYLE = Automatic;
				CURRENT_PROJECT_VERSION = 1;
				GENERATE_INFOPLIST_FILE = YES;
				IPHONEOS_DEPLOYMENT_TARGET = 16.2;
				MARKETING_VERSION = 1.0;
				PRODUCT_BUNDLE_IDENTIFIER = br.AuthorsTests;
				PRODUCT_NAME = "$(TARGET_NAME)";
				SWIFT_EMIT_LOC_STRINGS = NO;
				SWIFT_VERSION = 5.0;
				TARGETED_DEVICE_FAMILY = "1,2";
				TEST_HOST = "$(BUILT_PRODUCTS_DIR)/Authors.app/$(BUNDLE_EXECUTABLE_FOLDER_PATH)/Authors";
			};
			name = Debug;
		};
		101CE1A42985754700B7A9FC /* Release */ = {
			isa = XCBuildConfiguration;
			baseConfigurationReference = 7C68EC3298FDD28EB29DC654 /* Pods-AuthorsTests.release.xcconfig */;
			buildSettings = {
				ALWAYS_EMBED_SWIFT_STANDARD_LIBRARIES = YES;
				BUNDLE_LOADER = "$(TEST_HOST)";
				CODE_SIGN_STYLE = Automatic;
				CURRENT_PROJECT_VERSION = 1;
				GENERATE_INFOPLIST_FILE = YES;
				IPHONEOS_DEPLOYMENT_TARGET = 16.2;
				MARKETING_VERSION = 1.0;
				PRODUCT_BUNDLE_IDENTIFIER = br.AuthorsTests;
				PRODUCT_NAME = "$(TARGET_NAME)";
				SWIFT_EMIT_LOC_STRINGS = NO;
				SWIFT_VERSION = 5.0;
				TARGETED_DEVICE_FAMILY = "1,2";
				TEST_HOST = "$(BUILT_PRODUCTS_DIR)/Authors.app/$(BUNDLE_EXECUTABLE_FOLDER_PATH)/Authors";
			};
			name = Release;
		};
		101CE1A62985754700B7A9FC /* Debug */ = {
			isa = XCBuildConfiguration;
			baseConfigurationReference = A39DABE3ABA41A5B4CD0EFBC /* Pods-Authors-AuthorsUITests.debug.xcconfig */;
			buildSettings = {
				ALWAYS_EMBED_SWIFT_STANDARD_LIBRARIES = YES;
				CODE_SIGN_STYLE = Automatic;
				CURRENT_PROJECT_VERSION = 1;
				GENERATE_INFOPLIST_FILE = YES;
				MARKETING_VERSION = 1.0;
				PRODUCT_BUNDLE_IDENTIFIER = br.AuthorsUITests;
				PRODUCT_NAME = "$(TARGET_NAME)";
				SWIFT_EMIT_LOC_STRINGS = NO;
				SWIFT_VERSION = 5.0;
				TARGETED_DEVICE_FAMILY = "1,2";
				TEST_TARGET_NAME = Authors;
			};
			name = Debug;
		};
		101CE1A72985754700B7A9FC /* Release */ = {
			isa = XCBuildConfiguration;
			baseConfigurationReference = 4ECBD4CD7EF02147DC1EA021 /* Pods-Authors-AuthorsUITests.release.xcconfig */;
			buildSettings = {
				ALWAYS_EMBED_SWIFT_STANDARD_LIBRARIES = YES;
				CODE_SIGN_STYLE = Automatic;
				CURRENT_PROJECT_VERSION = 1;
				GENERATE_INFOPLIST_FILE = YES;
				MARKETING_VERSION = 1.0;
				PRODUCT_BUNDLE_IDENTIFIER = br.AuthorsUITests;
				PRODUCT_NAME = "$(TARGET_NAME)";
				SWIFT_EMIT_LOC_STRINGS = NO;
				SWIFT_VERSION = 5.0;
				TARGETED_DEVICE_FAMILY = "1,2";
				TEST_TARGET_NAME = Authors;
			};
			name = Release;
		};
/* End XCBuildConfiguration section */

/* Begin XCConfigurationList section */
		101CE1702985754600B7A9FC /* Build configuration list for PBXProject "Authors" */ = {
			isa = XCConfigurationList;
			buildConfigurations = (
				101CE19D2985754700B7A9FC /* Debug */,
				101CE19E2985754700B7A9FC /* Release */,
			);
			defaultConfigurationIsVisible = 0;
			defaultConfigurationName = Release;
		};
		101CE19F2985754700B7A9FC /* Build configuration list for PBXNativeTarget "Authors" */ = {
			isa = XCConfigurationList;
			buildConfigurations = (
				101CE1A02985754700B7A9FC /* Debug */,
				101CE1A12985754700B7A9FC /* Release */,
			);
			defaultConfigurationIsVisible = 0;
			defaultConfigurationName = Release;
		};
		101CE1A22985754700B7A9FC /* Build configuration list for PBXNativeTarget "AuthorsTests" */ = {
			isa = XCConfigurationList;
			buildConfigurations = (
				101CE1A32985754700B7A9FC /* Debug */,
				101CE1A42985754700B7A9FC /* Release */,
			);
			defaultConfigurationIsVisible = 0;
			defaultConfigurationName = Release;
		};
		101CE1A52985754700B7A9FC /* Build configuration list for PBXNativeTarget "AuthorsUITests" */ = {
			isa = XCConfigurationList;
			buildConfigurations = (
				101CE1A62985754700B7A9FC /* Debug */,
				101CE1A72985754700B7A9FC /* Release */,
			);
			defaultConfigurationIsVisible = 0;
			defaultConfigurationName = Release;
		};
/* End XCConfigurationList section */

/* Begin XCVersionGroup section */
		101CE2432987F7FD00B7A9FC /* Model.xcdatamodeld */ = {
			isa = XCVersionGroup;
			children = (
				101CE2442987F7FD00B7A9FC /* Model.xcdatamodel */,
			);
			currentVersion = 101CE2442987F7FD00B7A9FC /* Model.xcdatamodel */;
			path = Model.xcdatamodeld;
			sourceTree = "<group>";
			versionGroupType = wrapper.xcdatamodel;
		};
/* End XCVersionGroup section */
	};
	rootObject = 101CE16D2985754600B7A9FC /* Project object */;
}
